// !$*UTF8*$!
{
	archiveVersion = 1;
	classes = {
	};
	objectVersion = 56;
	objects = {

/* Begin PBXBuildFile section */
		1856DEB36DD046A7ACBD0584 /* BodyCompositionCalculator.swift in Sources */ = {isa = PBXBuildFile; fileRef = 0EA1C2AF6999490F8E49CA50 /* BodyCompositionCalculator.swift */; };
		3B9F0978281C4C8EBE8DADFC /* ScaleSessionViewModel.swift in Sources */ = {isa = PBXBuildFile; fileRef = 98B7D1B4269643799F3CE3B0 /* ScaleSessionViewModel.swift */; };
		3CAF1391CFF64BF3AC07916E /* ContentView.swift in Sources */ = {isa = PBXBuildFile; fileRef = 87EB1E9E2263405C8B1B48F0 /* ContentView.swift */; };
		639C1D0FBB9F479E88FDD8E4 /* MiScale2FrameDecoder.swift in Sources */ = {isa = PBXBuildFile; fileRef = D9E034D719C949FFB23C0620 /* MiScale2FrameDecoder.swift */; };
		6F875465CF3841AAAE957421 /* TheScaleApp.swift in Sources */ = {isa = PBXBuildFile; fileRef = A35B878F26684D38829349F0 /* TheScaleApp.swift */; };
		77A738E9F5444319B38724AA /* HealthKitWriter.swift in Sources */ = {isa = PBXBuildFile; fileRef = DD9268209C7548B6B832E710 /* HealthKitWriter.swift */; };
		8425863436B347BE915C74E8 /* CoreBluetoothScaleScanner.swift in Sources */ = {isa = PBXBuildFile; fileRef = AC8BB567BC5A469595541B70 /* CoreBluetoothScaleScanner.swift */; };
		8C54A511087B4CD1ACD4066D /* ScaleMeasurement.swift in Sources */ = {isa = PBXBuildFile; fileRef = 8E310DE90F9D4E95A8C307F0 /* ScaleMeasurement.swift */; };
		B100683E83BB4960A142A289 /* MiScale2DecoderTests.swift in Sources */ = {isa = PBXBuildFile; fileRef = E595CBE9B3604BDA974B7530 /* MiScale2DecoderTests.swift */; };
		F35CAA4A11DE44F69B30D6DA /* Assets.xcassets in Resources */ = {isa = PBXBuildFile; fileRef = 8E22910827A843D494EA2130 /* Assets.xcassets */; };
		A1B2C3D4E5F60718293A0001 /* WeightTrend.swift in Sources */ = {isa = PBXBuildFile; fileRef = A1B2C3D4E5F60718293A1001 /* WeightTrend.swift */; };
		A1B2C3D4E5F60718293A0002 /* EditableMeasurementDraft.swift in Sources */ = {isa = PBXBuildFile; fileRef = A1B2C3D4E5F60718293A1002 /* EditableMeasurementDraft.swift */; };
		A1B2C3D4E5F60718293A0003 /* LiveWeighInSheet.swift in Sources */ = {isa = PBXBuildFile; fileRef = A1B2C3D4E5F60718293A1003 /* LiveWeighInSheet.swift */; };
		A1B2C3D4E5F60718293A0004 /* WeightTrendTests.swift in Sources */ = {isa = PBXBuildFile; fileRef = A1B2C3D4E5F60718293A1004 /* WeightTrendTests.swift */; };
		A1B2C3D4E5F60718293A0005 /* ScaleCalibration.swift in Sources */ = {isa = PBXBuildFile; fileRef = A1B2C3D4E5F60718293A1005 /* ScaleCalibration.swift */; };
		A1B2C3D4E5F60718293A0006 /* SettingsView.swift in Sources */ = {isa = PBXBuildFile; fileRef = A1B2C3D4E5F60718293A1006 /* SettingsView.swift */; };
		A1B2C3D4E5F60718293A0007 /* ScaleCalibrationTests.swift in Sources */ = {isa = PBXBuildFile; fileRef = A1B2C3D4E5F60718293A1007 /* ScaleCalibrationTests.swift */; };
/* End PBXBuildFile section */

/* Begin PBXContainerItemProxy section */
		6FF72AE1B67E4A0AB8D6FF56 /* PBXContainerItemProxy */ = {
			isa = PBXContainerItemProxy;
			containerPortal = D98058AA25D5439B8FFAB37C /* Project object */;
			proxyType = 1;
			remoteGlobalIDString = F2EF6237A6094A1596D86B45;
			remoteInfo = TheScale;
		};
/* End PBXContainerItemProxy section */

/* Begin PBXFileReference section */
		056560E6968546ABA637231B /* TheScale.app */ = {isa = PBXFileReference; explicitFileType = wrapper.application; includeInIndex = 0; path = TheScale.app; sourceTree = BUILT_PRODUCTS_DIR; };
		0EA1C2AF6999490F8E49CA50 /* BodyCompositionCalculator.swift */ = {isa = PBXFileReference; lastKnownFileType = sourcecode.swift; path = BodyCompositionCalculator.swift; sourceTree = "<group>"; };
		1D6492050DAD4FD2AB370346 /* TheScaleTests.xctest */ = {isa = PBXFileReference; explicitFileType = wrapper.cfbundle; includeInIndex = 0; path = TheScaleTests.xctest; sourceTree = BUILT_PRODUCTS_DIR; };
		87EB1E9E2263405C8B1B48F0 /* ContentView.swift */ = {isa = PBXFileReference; lastKnownFileType = sourcecode.swift; path = ContentView.swift; sourceTree = "<group>"; };
		8E22910827A843D494EA2130 /* Assets.xcassets */ = {isa = PBXFileReference; lastKnownFileType = folder.assetcatalog; path = Assets.xcassets; sourceTree = "<group>"; };
		8E310DE90F9D4E95A8C307F0 /* ScaleMeasurement.swift */ = {isa = PBXFileReference; lastKnownFileType = sourcecode.swift; path = ScaleMeasurement.swift; sourceTree = "<group>"; };
		98B7D1B4269643799F3CE3B0 /* ScaleSessionViewModel.swift */ = {isa = PBXFileReference; lastKnownFileType = sourcecode.swift; path = ScaleSessionViewModel.swift; sourceTree = "<group>"; };
		A304519DFF454B2EB888EA92 /* TheScale.entitlements */ = {isa = PBXFileReference; lastKnownFileType = text.plist.entitlements; path = TheScale.entitlements; sourceTree = "<group>"; };
		A35B878F26684D38829349F0 /* TheScaleApp.swift */ = {isa = PBXFileReference; lastKnownFileType = sourcecode.swift; path = TheScaleApp.swift; sourceTree = "<group>"; };
		AC8BB567BC5A469595541B70 /* CoreBluetoothScaleScanner.swift */ = {isa = PBXFileReference; lastKnownFileType = sourcecode.swift; path = CoreBluetoothScaleScanner.swift; sourceTree = "<group>"; };
		D6A9DA851C404433ACD94ECA /* Info.plist */ = {isa = PBXFileReference; lastKnownFileType = text.plist.xml; path = Info.plist; sourceTree = "<group>"; };
		D9E034D719C949FFB23C0620 /* MiScale2FrameDecoder.swift */ = {isa = PBXFileReference; lastKnownFileType = sourcecode.swift; path = MiScale2FrameDecoder.swift; sourceTree = "<group>"; };
		DD9268209C7548B6B832E710 /* HealthKitWriter.swift */ = {isa = PBXFileReference; lastKnownFileType = sourcecode.swift; path = HealthKitWriter.swift; sourceTree = "<group>"; };
		E595CBE9B3604BDA974B7530 /* MiScale2DecoderTests.swift */ = {isa = PBXFileReference; lastKnownFileType = sourcecode.swift; path = MiScale2DecoderTests.swift; sourceTree = "<group>"; };
		A1B2C3D4E5F60718293A1001 /* WeightTrend.swift */ = {isa = PBXFileReference; lastKnownFileType = sourcecode.swift; path = WeightTrend.swift; sourceTree = "<group>"; };
		A1B2C3D4E5F60718293A1002 /* EditableMeasurementDraft.swift */ = {isa = PBXFileReference; lastKnownFileType = sourcecode.swift; path = EditableMeasurementDraft.swift; sourceTree = "<group>"; };
		A1B2C3D4E5F60718293A1003 /* LiveWeighInSheet.swift */ = {isa = PBXFileReference; lastKnownFileType = sourcecode.swift; path = LiveWeighInSheet.swift; sourceTree = "<group>"; };
		A1B2C3D4E5F60718293A1004 /* WeightTrendTests.swift */ = {isa = PBXFileReference; lastKnownFileType = sourcecode.swift; path = WeightTrendTests.swift; sourceTree = "<group>"; };
		A1B2C3D4E5F60718293A1005 /* ScaleCalibration.swift */ = {isa = PBXFileReference; lastKnownFileType = sourcecode.swift; path = ScaleCalibration.swift; sourceTree = "<group>"; };
		A1B2C3D4E5F60718293A1006 /* SettingsView.swift */ = {isa = PBXFileReference; lastKnownFileType = sourcecode.swift; path = SettingsView.swift; sourceTree = "<group>"; };
		A1B2C3D4E5F60718293A1007 /* ScaleCalibrationTests.swift */ = {isa = PBXFileReference; lastKnownFileType = sourcecode.swift; path = ScaleCalibrationTests.swift; sourceTree = "<group>"; };
/* End PBXFileReference section */

/* Begin PBXFrameworksBuildPhase section */
		7003DF63C2C8429DB568C223 /* Frameworks */ = {
			isa = PBXFrameworksBuildPhase;
			buildActionMask = 2147483647;
			files = (
			);
			runOnlyForDeploymentPostprocessing = 0;
		};
		91EFFE52C56E4A27A872E6F1 /* Frameworks */ = {
			isa = PBXFrameworksBuildPhase;
			buildActionMask = 2147483647;
			files = (
			);
			runOnlyForDeploymentPostprocessing = 0;
		};
/* End PBXFrameworksBuildPhase section */

/* Begin PBXGroup section */
		1506E668164B49DE9292E00E /* Views */ = {
			isa = PBXGroup;
			children = (
				87EB1E9E2263405C8B1B48F0 /* ContentView.swift */,
				A1B2C3D4E5F60718293A1003 /* LiveWeighInSheet.swift */,
				A1B2C3D4E5F60718293A1006 /* SettingsView.swift */,
			);
			path = Views;
			sourceTree = "<group>";
		};
		19097D29942F47248A42C320 /* BLE */ = {
			isa = PBXGroup;
			children = (
				D9E034D719C949FFB23C0620 /* MiScale2FrameDecoder.swift */,
				AC8BB567BC5A469595541B70 /* CoreBluetoothScaleScanner.swift */,
			);
			path = BLE;
			sourceTree = "<group>";
		};
		2B0FBBD8D0F5403DB489D183 = {
			isa = PBXGroup;
			children = (
				47A6C3C6275341DB8FC9EB0F /* TheScale */,
				C098867BBD024314896FE9A9 /* TheScaleTests */,
				786C64B488AF41CE9FFBB2D7 /* Products */,
			);
			sourceTree = "<group>";
		};
		363A498F516E4D29A5042E2C /* Models */ = {
			isa = PBXGroup;
			children = (
				8E310DE90F9D4E95A8C307F0 /* ScaleMeasurement.swift */,
				98B7D1B4269643799F3CE3B0 /* ScaleSessionViewModel.swift */,
				A1B2C3D4E5F60718293A1001 /* WeightTrend.swift */,
				A1B2C3D4E5F60718293A1002 /* EditableMeasurementDraft.swift */,
				A1B2C3D4E5F60718293A1005 /* ScaleCalibration.swift */,
			);
			path = Models;
			sourceTree = "<group>";
		};
		47A6C3C6275341DB8FC9EB0F /* TheScale */ = {
			isa = PBXGroup;
			children = (
				4A6E6D79428B493CBF06B9A8 /* App */,
				363A498F516E4D29A5042E2C /* Models */,
				19097D29942F47248A42C320 /* BLE */,
				C1B0AEBF4FE7489F878071C4 /* Health */,
				C5819192AB924C7DB8F782F9 /* BodyComposition */,
				1506E668164B49DE9292E00E /* Views */,
				5AA02014DB214A8798755049 /* Resources */,
			);
			path = TheScale;
			sourceTree = "<group>";
		};
		4A6E6D79428B493CBF06B9A8 /* App */ = {
			isa = PBXGroup;
			children = (
				A35B878F26684D38829349F0 /* TheScaleApp.swift */,
			);
			path = App;
			sourceTree = "<group>";
		};
		5AA02014DB214A8798755049 /* Resources */ = {
			isa = PBXGroup;
			children = (
				8E22910827A843D494EA2130 /* Assets.xcassets */,
				D6A9DA851C404433ACD94ECA /* Info.plist */,
				A304519DFF454B2EB888EA92 /* TheScale.entitlements */,
			);
			path = Resources;
			sourceTree = "<group>";
		};
		786C64B488AF41CE9FFBB2D7 /* Products */ = {
			isa = PBXGroup;
			children = (
				056560E6968546ABA637231B /* TheScale.app */,
				1D6492050DAD4FD2AB370346 /* TheScaleTests.xctest */,
			);
			name = Products;
			sourceTree = "<group>";
		};
		C098867BBD024314896FE9A9 /* TheScaleTests */ = {
			isa = PBXGroup;
			children = (
				E595CBE9B3604BDA974B7530 /* MiScale2DecoderTests.swift */,
				A1B2C3D4E5F60718293A1004 /* WeightTrendTests.swift */,
				A1B2C3D4E5F60718293A1007 /* ScaleCalibrationTests.swift */,
			);
			path = TheScaleTests;
			sourceTree = "<group>";
		};
		C1B0AEBF4FE7489F878071C4 /* Health */ = {
			isa = PBXGroup;
			children = (
				DD9268209C7548B6B832E710 /* HealthKitWriter.swift */,
			);
			path = Health;
			sourceTree = "<group>";
		};
		C5819192AB924C7DB8F782F9 /* BodyComposition */ = {
			isa = PBXGroup;
			children = (
				0EA1C2AF6999490F8E49CA50 /* BodyCompositionCalculator.swift */,
			);
			path = BodyComposition;
			sourceTree = "<group>";
		};
/* End PBXGroup section */

/* Begin PBXNativeTarget section */
		85ADC919B7464065BFCBCFCF /* TheScaleTests */ = {
			isa = PBXNativeTarget;
			buildConfigurationList = B9FD7133C58749F4A7549A26 /* Build configuration list for PBXNativeTarget "TheScaleTests" */;
			buildPhases = (
				2AC3252E15BF4B5086E78C5B /* Sources */,
				91EFFE52C56E4A27A872E6F1 /* Frameworks */,
			);
			buildRules = (
			);
			dependencies = (
				BD50ADD66FE34905B4459304 /* PBXTargetDependency */,
			);
			name = TheScaleTests;
			productName = TheScaleTests;
			productReference = 1D6492050DAD4FD2AB370346 /* TheScaleTests.xctest */;
			productType = "com.apple.product-type.bundle.unit-test";
		};
		F2EF6237A6094A1596D86B45 /* TheScale */ = {
			isa = PBXNativeTarget;
			buildConfigurationList = DA9A58144F90494C87B74C25 /* Build configuration list for PBXNativeTarget "TheScale" */;
			buildPhases = (
				91D0FA83F91F4CBC9373CA7D /* Sources */,
				7003DF63C2C8429DB568C223 /* Frameworks */,
				BFEFC94F7CDF4EC895197441 /* Resources */,
			);
			buildRules = (
			);
			dependencies = (
			);
			name = TheScale;
			productName = TheScale;
			productReference = 056560E6968546ABA637231B /* TheScale.app */;
			productType = "com.apple.product-type.application";
		};
/* End PBXNativeTarget section */

/* Begin PBXProject section */
		D98058AA25D5439B8FFAB37C /* Project object */ = {
			isa = PBXProject;
			attributes = {
				BuildIndependentTargetsInParallel = 1;
				LastSwiftUpdateCheck = 1540;
				LastUpgradeCheck = 1540;
				TargetAttributes = {
					85ADC919B7464065BFCBCFCF = {
						CreatedOnToolsVersion = 15.4;
						TestTargetID = F2EF6237A6094A1596D86B45;
					};
					F2EF6237A6094A1596D86B45 = {
						CreatedOnToolsVersion = 15.4;
					};
				};
			};
			buildConfigurationList = 31A3B16E59564DB3A07A41FC /* Build configuration list for PBXProject "TheScale" */;
			compatibilityVersion = "Xcode 14.0";
			developmentRegion = en;
			hasScannedForEncodings = 0;
			knownRegions = (
				en,
				Base,
			);
			mainGroup = 2B0FBBD8D0F5403DB489D183;
			productRefGroup = 786C64B488AF41CE9FFBB2D7 /* Products */;
			projectDirPath = "";
			projectRoot = "";
			targets = (
				F2EF6237A6094A1596D86B45 /* TheScale */,
				85ADC919B7464065BFCBCFCF /* TheScaleTests */,
			);
		};
/* End PBXProject section */

/* Begin PBXResourcesBuildPhase section */
		BFEFC94F7CDF4EC895197441 /* Resources */ = {
			isa = PBXResourcesBuildPhase;
			buildActionMask = 2147483647;
			files = (
				F35CAA4A11DE44F69B30D6DA /* Assets.xcassets in Resources */,
			);
			runOnlyForDeploymentPostprocessing = 0;
		};
/* End PBXResourcesBuildPhase section */

/* Begin PBXSourcesBuildPhase section */
		2AC3252E15BF4B5086E78C5B /* Sources */ = {
			isa = PBXSourcesBuildPhase;
			buildActionMask = 2147483647;
			files = (
				B100683E83BB4960A142A289 /* MiScale2DecoderTests.swift in Sources */,
				A1B2C3D4E5F60718293A0004 /* WeightTrendTests.swift in Sources */,
				A1B2C3D4E5F60718293A0007 /* ScaleCalibrationTests.swift in Sources */,
			);
			runOnlyForDeploymentPostprocessing = 0;
		};
		91D0FA83F91F4CBC9373CA7D /* Sources */ = {
			isa = PBXSourcesBuildPhase;
			buildActionMask = 2147483647;
			files = (
				6F875465CF3841AAAE957421 /* TheScaleApp.swift in Sources */,
				8C54A511087B4CD1ACD4066D /* ScaleMeasurement.swift in Sources */,
				3B9F0978281C4C8EBE8DADFC /* ScaleSessionViewModel.swift in Sources */,
				639C1D0FBB9F479E88FDD8E4 /* MiScale2FrameDecoder.swift in Sources */,
				8425863436B347BE915C74E8 /* CoreBluetoothScaleScanner.swift in Sources */,
				77A738E9F5444319B38724AA /* HealthKitWriter.swift in Sources */,
				1856DEB36DD046A7ACBD0584 /* BodyCompositionCalculator.swift in Sources */,
				3CAF1391CFF64BF3AC07916E /* ContentView.swift in Sources */,
				A1B2C3D4E5F60718293A0001 /* WeightTrend.swift in Sources */,
				A1B2C3D4E5F60718293A0002 /* EditableMeasurementDraft.swift in Sources */,
				A1B2C3D4E5F60718293A0003 /* LiveWeighInSheet.swift in Sources */,
				A1B2C3D4E5F60718293A0005 /* ScaleCalibration.swift in Sources */,
				A1B2C3D4E5F60718293A0006 /* SettingsView.swift in Sources */,
			);
			runOnlyForDeploymentPostprocessing = 0;
		};
/* End PBXSourcesBuildPhase section */

/* Begin PBXTargetDependency section */
		BD50ADD66FE34905B4459304 /* PBXTargetDependency */ = {
			isa = PBXTargetDependency;
			target = F2EF6237A6094A1596D86B45 /* TheScale */;
			targetProxy = 6FF72AE1B67E4A0AB8D6FF56 /* PBXContainerItemProxy */;
		};
/* End PBXTargetDependency section */

/* Begin XCBuildConfiguration section */
		1335959B078E4DA08558745E /* Debug */ = {
			isa = XCBuildConfiguration;
			buildSettings = {
				BUNDLE_LOADER = "$(TEST_HOST)";
				CODE_SIGN_STYLE = Automatic;
				CURRENT_PROJECT_VERSION = 12;
				DEVELOPMENT_TEAM = XHVW66YM39;
				GENERATE_INFOPLIST_FILE = YES;
				IPHONEOS_DEPLOYMENT_TARGET = 17.0;
				MARKETING_VERSION = 1.4.1;
				PRODUCT_BUNDLE_IDENTIFIER = app.thescale.ios.tests;
				PRODUCT_NAME = "$(TARGET_NAME)";
				SUPPORTED_PLATFORMS = "iphoneos iphonesimulator";
				SWIFT_VERSION = 5.0;
				TARGETED_DEVICE_FAMILY = 1;
				TEST_HOST = "$(BUILT_PRODUCTS_DIR)/TheScale.app/$(BUNDLE_EXECUTABLE_FOLDER_PATH)/TheScale";
			};
			name = Debug;
		};
		A9872C33105F4AD4BDF0CD4D /* Debug */ = {
			isa = XCBuildConfiguration;
			buildSettings = {
				ALWAYS_SEARCH_USER_PATHS = NO;
				CLANG_ENABLE_MODULES = YES;
				CLANG_ENABLE_OBJC_ARC = YES;
				COPY_PHASE_STRIP = NO;
				DEBUG_INFORMATION_FORMAT = dwarf;
				ENABLE_TESTABILITY = YES;
				GCC_DYNAMIC_NO_PIC = NO;
				IPHONEOS_DEPLOYMENT_TARGET = 17.0;
				ONLY_ACTIVE_ARCH = YES;
				SDKROOT = iphoneos;
				SWIFT_ACTIVE_COMPILATION_CONDITIONS = DEBUG;
				SWIFT_OPTIMIZATION_LEVEL = "-Onone";
				SWIFT_VERSION = 5.0;
			};
			name = Debug;
		};
		B915D37194244C82AD5FC69B /* Debug */ = {
			isa = XCBuildConfiguration;
			buildSettings = {
				ASSETCATALOG_COMPILER_APPICON_NAME = AppIcon;
				ASSETCATALOG_COMPILER_GLOBAL_ACCENT_COLOR_NAME = AccentColor;
				CODE_SIGN_ENTITLEMENTS = TheScale/Resources/TheScale.entitlements;
				CODE_SIGN_STYLE = Automatic;
				CURRENT_PROJECT_VERSION = 12;
				DEVELOPMENT_TEAM = XHVW66YM39;
				ENABLE_PREVIEWS = YES;
				GENERATE_INFOPLIST_FILE = NO;
				INFOPLIST_FILE = TheScale/Resources/Info.plist;
				INFOPLIST_KEY_CFBundleDisplayName = "The Scale";
				INFOPLIST_KEY_LSApplicationCategoryType = "public.app-category.healthcare-fitness";
				INFOPLIST_KEY_UIApplicationSupportsIndirectInputEvents = YES;
				IPHONEOS_DEPLOYMENT_TARGET = 17.0;
				LD_RUNPATH_SEARCH_PATHS = (
					"$(inherited)",
					"@executable_path/Frameworks",
				);
				MARKETING_VERSION = 1.4.1;
				PRODUCT_BUNDLE_IDENTIFIER = app.thescale.ios;
				PRODUCT_NAME = "$(TARGET_NAME)";
				SUPPORTED_PLATFORMS = "iphoneos iphonesimulator";
				SUPPORTS_MACCATALYST = NO;
				SUPPORTS_MAC_DESIGNED_FOR_IPHONE_IPAD = NO;
				SUPPORTS_XR_DESIGNED_FOR_IPHONE_IPAD = NO;
				SWIFT_EMIT_LOC_STRINGS = YES;
				SWIFT_STRICT_CONCURRENCY = complete;
				SWIFT_VERSION = 5.0;
				TARGETED_DEVICE_FAMILY = 1;
			};
			name = Debug;
		};
		C49AD597601444F1AFA026EA /* Release */ = {
			isa = XCBuildConfiguration;
			buildSettings = {
				BUNDLE_LOADER = "$(TEST_HOST)";
				CODE_SIGN_STYLE = Automatic;
				CURRENT_PROJECT_VERSION = 12;
				DEVELOPMENT_TEAM = XHVW66YM39;
				GENERATE_INFOPLIST_FILE = YES;
				IPHONEOS_DEPLOYMENT_TARGET = 17.0;
				MARKETING_VERSION = 1.4.1;
				PRODUCT_BUNDLE_IDENTIFIER = app.thescale.ios.tests;
				PRODUCT_NAME = "$(TARGET_NAME)";
				SUPPORTED_PLATFORMS = "iphoneos iphonesimulator";
				SWIFT_VERSION = 5.0;
				TARGETED_DEVICE_FAMILY = 1;
				TEST_HOST = "$(BUILT_PRODUCTS_DIR)/TheScale.app/$(BUNDLE_EXECUTABLE_FOLDER_PATH)/TheScale";
			};
			name = Release;
		};
		C66C8747E64041F2A300F56A /* Release */ = {
			isa = XCBuildConfiguration;
			buildSettings = {
				ASSETCATALOG_COMPILER_APPICON_NAME = AppIcon;
				ASSETCATALOG_COMPILER_GLOBAL_ACCENT_COLOR_NAME = AccentColor;
				CODE_SIGN_ENTITLEMENTS = TheScale/Resources/TheScale.entitlements;
				CODE_SIGN_STYLE = Automatic;
				CURRENT_PROJECT_VERSION = 12;
				DEVELOPMENT_TEAM = XHVW66YM39;
				ENABLE_PREVIEWS = YES;
				GENERATE_INFOPLIST_FILE = NO;
				INFOPLIST_FILE = TheScale/Resources/Info.plist;
				INFOPLIST_KEY_CFBundleDisplayName = "The Scale";
				INFOPLIST_KEY_LSApplicationCategoryType = "public.app-category.healthcare-fitness";
				INFOPLIST_KEY_UIApplicationSupportsIndirectInputEvents = YES;
				IPHONEOS_DEPLOYMENT_TARGET = 17.0;
				LD_RUNPATH_SEARCH_PATHS = (
					"$(inherited)",
					"@executable_path/Frameworks",
				);
				MARKETING_VERSION = 1.4.1;
				PRODUCT_BUNDLE_IDENTIFIER = app.thescale.ios;
				PRODUCT_NAME = "$(TARGET_NAME)";
				SUPPORTED_PLATFORMS = "iphoneos iphonesimulator";
				SUPPORTS_MACCATALYST = NO;
				SUPPORTS_MAC_DESIGNED_FOR_IPHONE_IPAD = NO;
				SUPPORTS_XR_DESIGNED_FOR_IPHONE_IPAD = NO;
				SWIFT_EMIT_LOC_STRINGS = YES;
				SWIFT_STRICT_CONCURRENCY = complete;
				SWIFT_VERSION = 5.0;
				TARGETED_DEVICE_FAMILY = 1;
			};
			name = Release;
		};
		F681DEBB9C10486FB77F39EC /* Release */ = {
			isa = XCBuildConfiguration;
			buildSettings = {
				ALWAYS_SEARCH_USER_PATHS = NO;
				CLANG_ENABLE_MODULES = YES;
				CLANG_ENABLE_OBJC_ARC = YES;
				COPY_PHASE_STRIP = NO;
				DEBUG_INFORMATION_FORMAT = "dwarf-with-dsym";
				IPHONEOS_DEPLOYMENT_TARGET = 17.0;
				SDKROOT = iphoneos;
				SWIFT_COMPILATION_MODE = wholemodule;
				SWIFT_VERSION = 5.0;
				VALIDATE_PRODUCT = YES;
			};
			name = Release;
		};
/* End XCBuildConfiguration section */

/* Begin XCConfigurationList section */
		31A3B16E59564DB3A07A41FC /* Build configuration list for PBXProject "TheScale" */ = {
			isa = XCConfigurationList;
			buildConfigurations = (
				A9872C33105F4AD4BDF0CD4D /* Debug */,
				F681DEBB9C10486FB77F39EC /* Release */,
			);
			defaultConfigurationIsVisible = 0;
			defaultConfigurationName = Release;
		};
		B9FD7133C58749F4A7549A26 /* Build configuration list for PBXNativeTarget "TheScaleTests" */ = {
			isa = XCConfigurationList;
			buildConfigurations = (
				1335959B078E4DA08558745E /* Debug */,
				C49AD597601444F1AFA026EA /* Release */,
			);
			defaultConfigurationIsVisible = 0;
			defaultConfigurationName = Release;
		};
		DA9A58144F90494C87B74C25 /* Build configuration list for PBXNativeTarget "TheScale" */ = {
			isa = XCConfigurationList;
			buildConfigurations = (
				B915D37194244C82AD5FC69B /* Debug */,
				C66C8747E64041F2A300F56A /* Release */,
			);
			defaultConfigurationIsVisible = 0;
			defaultConfigurationName = Release;
		};
/* End XCConfigurationList section */
	};
	rootObject = D98058AA25D5439B8FFAB37C /* Project object */;
}
