// !$*UTF8*$!
{
	archiveVersion = 1;
	classes = {
	};
	objectVersion = 56;
	objects = {

/* Begin PBXBuildFile section */
		A1B2C3D4E5F60718293A00OD1 /* OnDevicePolishBootstrap.swift in Sources */ = {isa = PBXBuildFile; fileRef = A1B2C3D4E5F60718293A10OD1 /* OnDevicePolishBootstrap.swift */; };
		A1B2C3D4E5F60718293A00PKG /* ScaleOnDevicePolish in Frameworks */ = {isa = PBXBuildFile; productRef = A1B2C3D4E5F60718293A10PRD /* ScaleOnDevicePolish */; };
		1856DEB36DD046A7ACBD0584 /* BodyCompositionCalculator.swift in Sources */ = {isa = PBXBuildFile; fileRef = 0EA1C2AF6999490F8E49CA50 /* BodyCompositionCalculator.swift */; };
		3B9F0978281C4C8EBE8DADFC /* ScaleSessionViewModel.swift in Sources */ = {isa = PBXBuildFile; fileRef = 98B7D1B4269643799F3CE3B0 /* ScaleSessionViewModel.swift */; };
		3CAF1391CFF64BF3AC07916E /* ContentView.swift in Sources */ = {isa = PBXBuildFile; fileRef = 87EB1E9E2263405C8B1B48F0 /* ContentView.swift */; };
		639C1D0FBB9F479E88FDD8E4 /* MiScale2FrameDecoder.swift in Sources */ = {isa = PBXBuildFile; fileRef = D9E034D719C949FFB23C0620 /* MiScale2FrameDecoder.swift */; };
		6F875465CF3841AAAE957421 /* TheScaleApp.swift in Sources */ = {isa = PBXBuildFile; fileRef = A35B878F26684D38829349F0 /* TheScaleApp.swift */; };
		77A738E9F5444319B38724AA /* HealthKitWriter.swift in Sources */ = {isa = PBXBuildFile; fileRef = DD9268209C7548B6B832E710 /* HealthKitWriter.swift */; };
		8425863436B347BE915C74E8 /* CoreBluetoothScaleScanner.swift in Sources */ = {isa = PBXBuildFile; fileRef = AC8BB567BC5A469595541B70 /* CoreBluetoothScaleScanner.swift */; };
		8C54A511087B4CD1ACD4066D /* ScaleMeasurement.swift in Sources */ = {isa = PBXBuildFile; fileRef = 8E310DE90F9D4E95A8C307F0 /* ScaleMeasurement.swift */; };
		A1B2C3D4E5F60718293A00PN1 /* ProfileNumericBounds.swift in Sources */ = {isa = PBXBuildFile; fileRef = A1B2C3D4E5F60718293A10PN1 /* ProfileNumericBounds.swift */; };
		A1B2C3D4E5F60718293A0001 /* WeightTrend.swift in Sources */ = {isa = PBXBuildFile; fileRef = A1B2C3D4E5F60718293A1001 /* WeightTrend.swift */; };
		A1B2C3D4E5F60718293A0002 /* EditableMeasurementDraft.swift in Sources */ = {isa = PBXBuildFile; fileRef = A1B2C3D4E5F60718293A1002 /* EditableMeasurementDraft.swift */; };
		A1B2C3D4E5F60718293A0003 /* LiveWeighInSheet.swift in Sources */ = {isa = PBXBuildFile; fileRef = A1B2C3D4E5F60718293A1003 /* LiveWeighInSheet.swift */; };
		A1B2C3D4E5F60718293A0004 /* WeightTrendTests.swift in Sources */ = {isa = PBXBuildFile; fileRef = A1B2C3D4E5F60718293A1004 /* WeightTrendTests.swift */; };
		A1B2C3D4E5F60718293A0005 /* ScaleCalibration.swift in Sources */ = {isa = PBXBuildFile; fileRef = A1B2C3D4E5F60718293A1005 /* ScaleCalibration.swift */; };
		A1B2C3D4E5F60718293A0006 /* SettingsView.swift in Sources */ = {isa = PBXBuildFile; fileRef = A1B2C3D4E5F60718293A1006 /* SettingsView.swift */; };
		A1B2C3D4E5F60718293A0007 /* ScaleCalibrationTests.swift in Sources */ = {isa = PBXBuildFile; fileRef = A1B2C3D4E5F60718293A1007 /* ScaleCalibrationTests.swift */; };
		A1B2C3D4E5F60718293A0008 /* HealthHistoryRange.swift in Sources */ = {isa = PBXBuildFile; fileRef = A1B2C3D4E5F60718293A1008 /* HealthHistoryRange.swift */; };
		A1B2C3D4E5F60718293A0009 /* WeighInResultsView.swift in Sources */ = {isa = PBXBuildFile; fileRef = A1B2C3D4E5F60718293A1009 /* WeighInResultsView.swift */; };
		A1B2C3D4E5F60718293A000A /* HealthHistoryChartTests.swift in Sources */ = {isa = PBXBuildFile; fileRef = A1B2C3D4E5F60718293A100A /* HealthHistoryChartTests.swift */; };
		A1B2C3D4E5F60718293A000B /* ManualWeighInView.swift in Sources */ = {isa = PBXBuildFile; fileRef = A1B2C3D4E5F60718293A100B /* ManualWeighInView.swift */; };
		A1B2C3D4E5F60718293A000C /* UserPreferences.swift in Sources */ = {isa = PBXBuildFile; fileRef = A1B2C3D4E5F60718293A100C /* UserPreferences.swift */; };
		A1B2C3D4E5F60718293A000D /* GrokKeychain.swift in Sources */ = {isa = PBXBuildFile; fileRef = A1B2C3D4E5F60718293A100D /* GrokKeychain.swift */; };
		A1B2C3D4E5F60718293A000E /* GrokClient.swift in Sources */ = {isa = PBXBuildFile; fileRef = A1B2C3D4E5F60718293A100E /* GrokClient.swift */; };
		A1B2C3D4E5F60718293A000F /* TrendNotificationScheduler.swift in Sources */ = {isa = PBXBuildFile; fileRef = A1B2C3D4E5F60718293A100F /* TrendNotificationScheduler.swift */; };
		A1B2C3D4E5F60718293A0010 /* OnboardingView.swift in Sources */ = {isa = PBXBuildFile; fileRef = A1B2C3D4E5F60718293A1010 /* OnboardingView.swift */; };
		A1B2C3D4E5F60718293A0011 /* ProgressSheet.swift in Sources */ = {isa = PBXBuildFile; fileRef = A1B2C3D4E5F60718293A1011 /* ProgressSheet.swift */; };
		A1B2C3D4E5F60718293A0012 /* CoachOfflineTests.swift in Sources */ = {isa = PBXBuildFile; fileRef = A1B2C3D4E5F60718293A1012 /* CoachOfflineTests.swift */; };
		A1B2C3D4E5F60718293A0013 /* ScaleChrome.swift in Sources */ = {isa = PBXBuildFile; fileRef = A1B2C3D4E5F60718293A1013 /* ScaleChrome.swift */; };
		A1B2C3D4E5F60718293A00SDL /* ScaleDebugLog.swift in Sources */ = {isa = PBXBuildFile; fileRef = A1B2C3D4E5F60718293A10SDL /* ScaleDebugLog.swift */; };
		A1B2C3D4E5F60718293A00PU1 /* ScalePaletteUniverse.swift in Sources */ = {isa = PBXBuildFile; fileRef = A1B2C3D4E5F60718293A10PU1 /* ScalePaletteUniverse.swift */; };
		A1B2C3D4E5F60718293A00PU2 /* ScalePaletteUniverseTests.swift in Sources */ = {isa = PBXBuildFile; fileRef = A1B2C3D4E5F60718293A10PU2 /* ScalePaletteUniverseTests.swift */; };
		A1B2C3D4E5F60718293A0014 /* CoachChatController.swift in Sources */ = {isa = PBXBuildFile; fileRef = A1B2C3D4E5F60718293A1014 /* CoachChatController.swift */; };
		A1B2C3D4E5F60718293A0015 /* CoachChatView.swift in Sources */ = {isa = PBXBuildFile; fileRef = A1B2C3D4E5F60718293A1015 /* CoachChatView.swift */; };
		A1B2C3D4E5F60718293A0016 /* GrokSharedConfig.swift in Sources */ = {isa = PBXBuildFile; fileRef = A1B2C3D4E5F60718293A1016 /* GrokSharedConfig.swift */; };
		A1B2C3D4E5F60718293A001A /* CoachMemoryStore.swift in Sources */ = {isa = PBXBuildFile; fileRef = A1B2C3D4E5F60718293A101A /* CoachMemoryStore.swift */; };
		A1B2C3D4E5F60718293A001B /* GrokFitnessMonitor.swift in Sources */ = {isa = PBXBuildFile; fileRef = A1B2C3D4E5F60718293A101B /* GrokFitnessMonitor.swift */; };
		A1B2C3D4E5F60718293A001C /* CoachCopySanitize.swift in Sources */ = {isa = PBXBuildFile; fileRef = A1B2C3D4E5F60718293A101C /* CoachCopySanitize.swift */; };
		A1B2C3D4E5F60718293A001D /* TargetFeasibility.swift in Sources */ = {isa = PBXBuildFile; fileRef = A1B2C3D4E5F60718293A101D /* TargetFeasibility.swift */; };
		A1B2C3D4E5F60718293A001E /* TargetFeasibilityTests.swift in Sources */ = {isa = PBXBuildFile; fileRef = A1B2C3D4E5F60718293A101E /* TargetFeasibilityTests.swift */; };
		A1B2C3D4E5F60718293A001F /* CoachReminderScheduler.swift in Sources */ = {isa = PBXBuildFile; fileRef = A1B2C3D4E5F60718293A101F /* CoachReminderScheduler.swift */; };
		A1B2C3D4E5F60718293A0020 /* CoachReminderTests.swift in Sources */ = {isa = PBXBuildFile; fileRef = A1B2C3D4E5F60718293A1020 /* CoachReminderTests.swift */; };
		A1B2C3D4E5F60718293A00MW2 /* MorningWeighDrillSchedulerTests.swift in Sources */ = {isa = PBXBuildFile; fileRef = A1B2C3D4E5F60718293A10MW2 /* MorningWeighDrillSchedulerTests.swift */; };
		A1B2C3D4E5F60718293A0021 /* FoundationModelAvailability.swift in Sources */ = {isa = PBXBuildFile; fileRef = A1B2C3D4E5F60718293A1021 /* FoundationModelAvailability.swift */; };
		A1B2C3D4E5F60718293A0022 /* FoundationModelCoach.swift in Sources */ = {isa = PBXBuildFile; fileRef = A1B2C3D4E5F60718293A1022 /* FoundationModelCoach.swift */; };
		A1B2C3D4E5F60718293A0023 /* FoundationModelCoachTests.swift in Sources */ = {isa = PBXBuildFile; fileRef = A1B2C3D4E5F60718293A1023 /* FoundationModelCoachTests.swift */; };
		A1B2C3D4E5F60718293A0024 /* FitnessDigestCoachTests.swift in Sources */ = {isa = PBXBuildFile; fileRef = A1B2C3D4E5F60718293A1024 /* FitnessDigestCoachTests.swift */; };
		A1B2C3D4E5F60718293A0025 /* ScaleNotificationDelegate.swift in Sources */ = {isa = PBXBuildFile; fileRef = A1B2C3D4E5F60718293A1025 /* ScaleNotificationDelegate.swift */; };
		A1B2C3D4E5F60718293A0026 /* HealthScienceMath.swift in Sources */ = {isa = PBXBuildFile; fileRef = A1B2C3D4E5F60718293A1026 /* HealthScienceMath.swift */; };
		A1B2C3D4E5F60718293A0027 /* HealthScienceMathTests.swift in Sources */ = {isa = PBXBuildFile; fileRef = A1B2C3D4E5F60718293A1027 /* HealthScienceMathTests.swift */; };
		A1B2C3D4E5F60718293A0028 /* MondayCardEngine.swift in Sources */ = {isa = PBXBuildFile; fileRef = A1B2C3D4E5F60718293A1028 /* MondayCardEngine.swift */; };
		A1B2C3D4E5F60718293A0029 /* MondayWeeklyCardView.swift in Sources */ = {isa = PBXBuildFile; fileRef = A1B2C3D4E5F60718293A1029 /* MondayWeeklyCardView.swift */; };
		A1B2C3D4E5F60718293A002A /* MondayCardTests.swift in Sources */ = {isa = PBXBuildFile; fileRef = A1B2C3D4E5F60718293A102A /* MondayCardTests.swift */; };
		A1B2C3D4E5F60718293A002B /* ScaleNotificationCatalog.swift in Sources */ = {isa = PBXBuildFile; fileRef = A1B2C3D4E5F60718293A102B /* ScaleNotificationCatalog.swift */; };
		A1B2C3D4E5F60718293A002C /* ScaleNotificationContentFactory.swift in Sources */ = {isa = PBXBuildFile; fileRef = A1B2C3D4E5F60718293A102C /* ScaleNotificationContentFactory.swift */; };
		A1B2C3D4E5F60718293A002D /* ScaleNotificationVisuals.swift in Sources */ = {isa = PBXBuildFile; fileRef = A1B2C3D4E5F60718293A102D /* ScaleNotificationVisuals.swift */; };
		A1B2C3D4E5F60718293A002E /* ScaleNotificationRouter.swift in Sources */ = {isa = PBXBuildFile; fileRef = A1B2C3D4E5F60718293A102E /* ScaleNotificationRouter.swift */; };
		A1B2C3D4E5F60718293A002F /* ScaleAppIntents.swift in Sources */ = {isa = PBXBuildFile; fileRef = A1B2C3D4E5F60718293A102F /* ScaleAppIntents.swift */; };
		A1B2C3D4E5F60718293A0030 /* HealthKitBackgroundDelivery.swift in Sources */ = {isa = PBXBuildFile; fileRef = A1B2C3D4E5F60718293A1030 /* HealthKitBackgroundDelivery.swift */; };
		A1B2C3D4E5F60718293A0031 /* ScaleNotificationContentTests.swift in Sources */ = {isa = PBXBuildFile; fileRef = A1B2C3D4E5F60718293A1031 /* ScaleNotificationContentTests.swift */; };
		A1B2C3D4E5F60718293A0032 /* PrivacyInfo.xcprivacy in Resources */ = {isa = PBXBuildFile; fileRef = A1B2C3D4E5F60718293A1032 /* PrivacyInfo.xcprivacy */; };
		A1B2C3D4E5F60718293A0033 /* ScaleLegal.swift in Sources */ = {isa = PBXBuildFile; fileRef = A1B2C3D4E5F60718293A1033 /* ScaleLegal.swift */; };
		A1B2C3D4E5F60718293A0034 /* PrivacyPolicyView.swift in Sources */ = {isa = PBXBuildFile; fileRef = A1B2C3D4E5F60718293A1034 /* PrivacyPolicyView.swift */; };
		A1B2C3D4E5F60718293A0035 /* ScalePlan.swift in Sources */ = {isa = PBXBuildFile; fileRef = A1B2C3D4E5F60718293A1035 /* ScalePlan.swift */; };
		A1B2C3D4E5F60718293A0036 /* CoachWeeklyQuota.swift in Sources */ = {isa = PBXBuildFile; fileRef = A1B2C3D4E5F60718293A1036 /* CoachWeeklyQuota.swift */; };
		A1B2C3D4E5F60718293A0037 /* ScaleSubscriptionStore.swift in Sources */ = {isa = PBXBuildFile; fileRef = A1B2C3D4E5F60718293A1037 /* ScaleSubscriptionStore.swift */; };
		A1B2C3D4E5F60718293A0038 /* PaywallView.swift in Sources */ = {isa = PBXBuildFile; fileRef = A1B2C3D4E5F60718293A1038 /* PaywallView.swift */; };
		A1B2C3D4E5F60718293A0039 /* CoachQuotaTests.swift in Sources */ = {isa = PBXBuildFile; fileRef = A1B2C3D4E5F60718293A1039 /* CoachQuotaTests.swift */; };
		A1B2C3D4E5F60718293A00PB /* ProgressBoundsTests.swift in Sources */ = {isa = PBXBuildFile; fileRef = A1B2C3D4E5F60718293A10PB /* ProgressBoundsTests.swift */; };
		A1B2C3D4E5F60718293A003B /* OnboardingProfileInference.swift in Sources */ = {isa = PBXBuildFile; fileRef = A1B2C3D4E5F60718293A103B /* OnboardingProfileInference.swift */; };
		A1B2C3D4E5F60718293A003C /* ScaleAppReviewPrompt.swift in Sources */ = {isa = PBXBuildFile; fileRef = A1B2C3D4E5F60718293A103C /* ScaleAppReviewPrompt.swift */; };
		A1B2C3D4E5F60718293A003D /* AppReviewPromptView.swift in Sources */ = {isa = PBXBuildFile; fileRef = A1B2C3D4E5F60718293A103D /* AppReviewPromptView.swift */; };
		A1B2C3D4E5F60718293A003E /* OnboardingInferenceTests.swift in Sources */ = {isa = PBXBuildFile; fileRef = A1B2C3D4E5F60718293A103E /* OnboardingInferenceTests.swift */; };
		A1B2C3D4E5F60718293A003F /* OnboardingFlowModel.swift in Sources */ = {isa = PBXBuildFile; fileRef = A1B2C3D4E5F60718293A103F /* OnboardingFlowModel.swift */; };
		A1B2C3D4E5F60718293A0040 /* DebugToolsView.swift in Sources */ = {isa = PBXBuildFile; fileRef = A1B2C3D4E5F60718293A1040 /* DebugToolsView.swift */; };
		A1B2C3D4E5F60718293A0041 /* WeeklyGoalSurfaceEngine.swift in Sources */ = {isa = PBXBuildFile; fileRef = A1B2C3D4E5F60718293A1041 /* WeeklyGoalSurfaceEngine.swift */; };
		A1B2C3D4E5F60718293A0042 /* WeeklyGoalSurfaceTests.swift in Sources */ = {isa = PBXBuildFile; fileRef = A1B2C3D4E5F60718293A1042 /* WeeklyGoalSurfaceTests.swift */; };
		A1B2C3D4E5F60718293A00VT1 /* CoachVoiceTests.swift in Sources */ = {isa = PBXBuildFile; fileRef = A1B2C3D4E5F60718293A10VT1 /* CoachVoiceTests.swift */; };
		A1B2C3D4E5F60718293A0043 /* WeeklyEnergyBalanceEvaluator.swift in Sources */ = {isa = PBXBuildFile; fileRef = A1B2C3D4E5F60718293A1043 /* WeeklyEnergyBalanceEvaluator.swift */; };
		A1B2C3D4E5F60718293A0044 /* MealPlanEngine.swift in Sources */ = {isa = PBXBuildFile; fileRef = A1B2C3D4E5F60718293A1044 /* MealPlanEngine.swift */; };
		A1B2C3D4E5F60718293A0045 /* MealPlanCarouselView.swift in Sources */ = {isa = PBXBuildFile; fileRef = A1B2C3D4E5F60718293A1045 /* MealPlanCarouselView.swift */; };
		A1B2C3D4E5F60718293A0046 /* MealPlanEngineTests.swift in Sources */ = {isa = PBXBuildFile; fileRef = A1B2C3D4E5F60718293A1046 /* MealPlanEngineTests.swift */; };
		A1B2C3D4E5F60718293A0047 /* FastingWindow.swift in Sources */ = {isa = PBXBuildFile; fileRef = A1B2C3D4E5F60718293A1047 /* FastingWindow.swift */; };
		A1B2C3D4E5F60718293A0048 /* RetroSnakeSpinnerView.swift in Sources */ = {isa = PBXBuildFile; fileRef = A1B2C3D4E5F60718293A1048 /* RetroSnakeSpinnerView.swift */; };
		A1B2C3D4E5F60718293A0049 /* ChartCommentStore.swift in Sources */ = {isa = PBXBuildFile; fileRef = A1B2C3D4E5F60718293A1049 /* ChartCommentStore.swift */; };
		A1B2C3D4E5F60718293A004A /* WeighInAnalysisEngine.swift in Sources */ = {isa = PBXBuildFile; fileRef = A1B2C3D4E5F60718293A104A /* WeighInAnalysisEngine.swift */; };
		A1B2C3D4E5F60718293A0050 /* CoachPersona.swift in Sources */ = {isa = PBXBuildFile; fileRef = A1B2C3D4E5F60718293A1050 /* CoachPersona.swift */; };
		A1B2C3D4E5F60718293A00PR1 /* ProfileRecalibrator.swift in Sources */ = {isa = PBXBuildFile; fileRef = A1B2C3D4E5F60718293A10PR1 /* ProfileRecalibrator.swift */; };
		A1B2C3D4E5F60718293A00BF1 /* BodyFatTargetEngine.swift in Sources */ = {isa = PBXBuildFile; fileRef = A1B2C3D4E5F60718293A10BF1 /* BodyFatTargetEngine.swift */; };
		A1B2C3D4E5F60718293A00CV1 /* CoachVoice.swift in Sources */ = {isa = PBXBuildFile; fileRef = A1B2C3D4E5F60718293A10CV1 /* CoachVoice.swift */; };
		A1B2C3D4E5F60718293A0051 /* AggressiveWeeklyTargetEngine.swift in Sources */ = {isa = PBXBuildFile; fileRef = A1B2C3D4E5F60718293A1051 /* AggressiveWeeklyTargetEngine.swift */; };
		A1B2C3D4E5F60718293A0052 /* AggressiveWeeklyTargetTests.swift in Sources */ = {isa = PBXBuildFile; fileRef = A1B2C3D4E5F60718293A1052 /* AggressiveWeeklyTargetTests.swift */; };
		A1B2C3D4E5F60718293A00DW1 /* GoalPaceGuard.swift in Sources */ = {isa = PBXBuildFile; fileRef = A1B2C3D4E5F60718293A10DW1 /* GoalPaceGuard.swift */; };
		A1B2C3D4E5F60718293A00DW2 /* GoalDifficultyFlavor.swift in Sources */ = {isa = PBXBuildFile; fileRef = A1B2C3D4E5F60718293A10DW2 /* GoalDifficultyFlavor.swift */; };
		A1B2C3D4E5F60718293A00DW3 /* AnalogDreamScaleView.swift in Sources */ = {isa = PBXBuildFile; fileRef = A1B2C3D4E5F60718293A10DW3 /* AnalogDreamScaleView.swift */; };
		A1B2C3D4E5F60718293A00DW4 /* DreamOnboardingTests.swift in Sources */ = {isa = PBXBuildFile; fileRef = A1B2C3D4E5F60718293A10DW4 /* DreamOnboardingTests.swift */; };
		A1B2C3D4E5F60718293A00LG1 /* ScaleDataRights.swift in Sources */ = {isa = PBXBuildFile; fileRef = A1B2C3D4E5F60718293A10LG1 /* ScaleDataRights.swift */; };
		A1B2C3D4E5F60718293A00LG2 /* ScaleLegalTests.swift in Sources */ = {isa = PBXBuildFile; fileRef = A1B2C3D4E5F60718293A10LG2 /* ScaleLegalTests.swift */; };
		A1B2C3D4E5F60718293A00PG1 /* ProfileGapPromptEngine.swift in Sources */ = {isa = PBXBuildFile; fileRef = A1B2C3D4E5F60718293A10PG1 /* ProfileGapPromptEngine.swift */; };
		A1B2C3D4E5F60718293A00PG2 /* ProfileGapPromptView.swift in Sources */ = {isa = PBXBuildFile; fileRef = A1B2C3D4E5F60718293A10PG2 /* ProfileGapPromptView.swift */; };
		A1B2C3D4E5F60718293A00PG3 /* ProfileGapPromptEngineTests.swift in Sources */ = {isa = PBXBuildFile; fileRef = A1B2C3D4E5F60718293A10PG3 /* ProfileGapPromptEngineTests.swift */; };
		A1B2C3D4E5F60718293A00SF1 /* ScaleStorefront.swift in Sources */ = {isa = PBXBuildFile; fileRef = A1B2C3D4E5F60718293A10SF1 /* ScaleStorefront.swift */; };
		A1B2C3D4E5F60718293A00SF2 /* ScaleStorefrontTests.swift in Sources */ = {isa = PBXBuildFile; fileRef = A1B2C3D4E5F60718293A10SF2 /* ScaleStorefrontTests.swift */; };
		A1B2C3D4E5F60718293A00HG1 /* HomeGlassBar.swift in Sources */ = {isa = PBXBuildFile; fileRef = A1B2C3D4E5F60718293A10HG1 /* HomeGlassBar.swift */; };
		A1B2C3D4E5F60718293A00HZ1 /* HazeTiltMotion.swift in Sources */ = {isa = PBXBuildFile; fileRef = A1B2C3D4E5F60718293A10HZ1 /* HazeTiltMotion.swift */; };
		A1B2C3D4E5F60718293A00NC1 /* NotificationCenterSheet.swift in Sources */ = {isa = PBXBuildFile; fileRef = A1B2C3D4E5F60718293A10NC1 /* NotificationCenterSheet.swift */; };
		A1B2C3D4E5F60718293A00MW1 /* MorningWeighDrillScheduler.swift in Sources */ = {isa = PBXBuildFile; fileRef = A1B2C3D4E5F60718293A10MW1 /* MorningWeighDrillScheduler.swift */; };
		A1B2C3D4E5F60718293A00LA1 /* WeighInActivityAttributes.swift in Sources */ = {isa = PBXBuildFile; fileRef = A1B2C3D4E5F60718293A10LA1 /* WeighInActivityAttributes.swift */; };
		A1B2C3D4E5F60718293A00WA1 /* WeighInActivityAttributes.swift in Sources */ = {isa = PBXBuildFile; fileRef = A1B2C3D4E5F60718293A10LA1 /* WeighInActivityAttributes.swift */; };
		A1B2C3D4E5F60718293A00WW1 /* WeighInLiveActivityWidget.swift in Sources */ = {isa = PBXBuildFile; fileRef = A1B2C3D4E5F60718293A10WW1 /* WeighInLiveActivityWidget.swift */; };
		A1B2C3D4E5F60718293A00WE2 /* TheScaleWidgets.appex in Embed Foundation Extensions */ = {isa = PBXBuildFile; fileRef = A1B2C3D4E5F60718293A10WP1 /* TheScaleWidgets.appex */; settings = {ATTRIBUTES = (RemoveHeadersOnCopy, ); }; };
		A1B2C3D4E5F60718293A00SP1 /* SplashView.swift in Sources */ = {isa = PBXBuildFile; fileRef = A1B2C3D4E5F60718293A10SP1 /* SplashView.swift */; };
		A1B2C3D4E5F60718293A00U1 /* UnitFormatTests.swift in Sources */ = {isa = PBXBuildFile; fileRef = A1B2C3D4E5F60718293A10U1 /* UnitFormatTests.swift */; };
		A1B2C3D4E5F60718293A00UX1 /* AgeSwipeControl.swift in Sources */ = {isa = PBXBuildFile; fileRef = A1B2C3D4E5F60718293A10UX1 /* AgeSwipeControl.swift */; };
		A1B2C3D4E5F60718293A00UX2 /* HorizonArcBankView.swift in Sources */ = {isa = PBXBuildFile; fileRef = A1B2C3D4E5F60718293A10UX2 /* HorizonArcBankView.swift */; };
		A1B2C3D4E5F60718293A00WH1 /* WeighInHeroMomentView.swift in Sources */ = {isa = PBXBuildFile; fileRef = A1B2C3D4E5F60718293A10WH1 /* WeighInHeroMomentView.swift */; };
		B100683E83BB4960A142A289 /* MiScale2DecoderTests.swift in Sources */ = {isa = PBXBuildFile; fileRef = E595CBE9B3604BDA974B7530 /* MiScale2DecoderTests.swift */; };
		F35CAA4A11DE44F69B30D6DA /* Assets.xcassets in Resources */ = {isa = PBXBuildFile; fileRef = 8E22910827A843D494EA2130 /* Assets.xcassets */; };
/* End PBXBuildFile section */

/* Begin PBXContainerItemProxy section */
		6FF72AE1B67E4A0AB8D6FF56 /* PBXContainerItemProxy */ = {
			isa = PBXContainerItemProxy;
			containerPortal = D98058AA25D5439B8FFAB37C /* Project object */;
			proxyType = 1;
			remoteGlobalIDString = F2EF6237A6094A1596D86B45;
			remoteInfo = TheScale;
		};
		A1B2C3D4E5F60718293A00CP1 /* PBXContainerItemProxy */ = {
			isa = PBXContainerItemProxy;
			containerPortal = D98058AA25D5439B8FFAB37C /* Project object */;
			proxyType = 1;
			remoteGlobalIDString = A1B2C3D4E5F60718293A00WT1;
			remoteInfo = TheScaleWidgets;
		};
/* End PBXContainerItemProxy section */

/* Begin PBXFileReference section */
		A1B2C3D4E5F60718293A10OD1 /* OnDevicePolishBootstrap.swift */ = {isa = PBXFileReference; lastKnownFileType = sourcecode.swift; path = OnDevicePolishBootstrap.swift; sourceTree = "<group>"; };
		056560E6968546ABA637231B /* TheScale.app */ = {isa = PBXFileReference; explicitFileType = wrapper.application; includeInIndex = 0; path = TheScale.app; sourceTree = BUILT_PRODUCTS_DIR; };
		0EA1C2AF6999490F8E49CA50 /* BodyCompositionCalculator.swift */ = {isa = PBXFileReference; lastKnownFileType = sourcecode.swift; path = BodyCompositionCalculator.swift; sourceTree = "<group>"; };
		1D6492050DAD4FD2AB370346 /* TheScaleTests.xctest */ = {isa = PBXFileReference; explicitFileType = wrapper.cfbundle; includeInIndex = 0; path = TheScaleTests.xctest; sourceTree = BUILT_PRODUCTS_DIR; };
		87EB1E9E2263405C8B1B48F0 /* ContentView.swift */ = {isa = PBXFileReference; lastKnownFileType = sourcecode.swift; path = ContentView.swift; sourceTree = "<group>"; };
		8E22910827A843D494EA2130 /* Assets.xcassets */ = {isa = PBXFileReference; lastKnownFileType = folder.assetcatalog; path = Assets.xcassets; sourceTree = "<group>"; };
		8E310DE90F9D4E95A8C307F0 /* ScaleMeasurement.swift */ = {isa = PBXFileReference; lastKnownFileType = sourcecode.swift; path = ScaleMeasurement.swift; sourceTree = "<group>"; };
		A1B2C3D4E5F60718293A10PN1 /* ProfileNumericBounds.swift */ = {isa = PBXFileReference; lastKnownFileType = sourcecode.swift; path = ProfileNumericBounds.swift; sourceTree = "<group>"; };
		98B7D1B4269643799F3CE3B0 /* ScaleSessionViewModel.swift */ = {isa = PBXFileReference; lastKnownFileType = sourcecode.swift; path = ScaleSessionViewModel.swift; sourceTree = "<group>"; };
		A1B2C3D4E5F60718293A1001 /* WeightTrend.swift */ = {isa = PBXFileReference; lastKnownFileType = sourcecode.swift; path = WeightTrend.swift; sourceTree = "<group>"; };
		A1B2C3D4E5F60718293A1002 /* EditableMeasurementDraft.swift */ = {isa = PBXFileReference; lastKnownFileType = sourcecode.swift; path = EditableMeasurementDraft.swift; sourceTree = "<group>"; };
		A1B2C3D4E5F60718293A1003 /* LiveWeighInSheet.swift */ = {isa = PBXFileReference; lastKnownFileType = sourcecode.swift; path = LiveWeighInSheet.swift; sourceTree = "<group>"; };
		A1B2C3D4E5F60718293A1004 /* WeightTrendTests.swift */ = {isa = PBXFileReference; lastKnownFileType = sourcecode.swift; path = WeightTrendTests.swift; sourceTree = "<group>"; };
		A1B2C3D4E5F60718293A1005 /* ScaleCalibration.swift */ = {isa = PBXFileReference; lastKnownFileType = sourcecode.swift; path = ScaleCalibration.swift; sourceTree = "<group>"; };
		A1B2C3D4E5F60718293A1006 /* SettingsView.swift */ = {isa = PBXFileReference; lastKnownFileType = sourcecode.swift; path = SettingsView.swift; sourceTree = "<group>"; };
		A1B2C3D4E5F60718293A1007 /* ScaleCalibrationTests.swift */ = {isa = PBXFileReference; lastKnownFileType = sourcecode.swift; path = ScaleCalibrationTests.swift; sourceTree = "<group>"; };
		A1B2C3D4E5F60718293A1008 /* HealthHistoryRange.swift */ = {isa = PBXFileReference; lastKnownFileType = sourcecode.swift; path = HealthHistoryRange.swift; sourceTree = "<group>"; };
		A1B2C3D4E5F60718293A1009 /* WeighInResultsView.swift */ = {isa = PBXFileReference; lastKnownFileType = sourcecode.swift; path = WeighInResultsView.swift; sourceTree = "<group>"; };
		A1B2C3D4E5F60718293A100A /* HealthHistoryChartTests.swift */ = {isa = PBXFileReference; lastKnownFileType = sourcecode.swift; path = HealthHistoryChartTests.swift; sourceTree = "<group>"; };
		A1B2C3D4E5F60718293A100B /* ManualWeighInView.swift */ = {isa = PBXFileReference; lastKnownFileType = sourcecode.swift; path = ManualWeighInView.swift; sourceTree = "<group>"; };
		A1B2C3D4E5F60718293A100C /* UserPreferences.swift */ = {isa = PBXFileReference; lastKnownFileType = sourcecode.swift; path = UserPreferences.swift; sourceTree = "<group>"; };
		A1B2C3D4E5F60718293A100D /* GrokKeychain.swift */ = {isa = PBXFileReference; lastKnownFileType = sourcecode.swift; path = GrokKeychain.swift; sourceTree = "<group>"; };
		A1B2C3D4E5F60718293A100E /* GrokClient.swift */ = {isa = PBXFileReference; lastKnownFileType = sourcecode.swift; path = GrokClient.swift; sourceTree = "<group>"; };
		A1B2C3D4E5F60718293A100F /* TrendNotificationScheduler.swift */ = {isa = PBXFileReference; lastKnownFileType = sourcecode.swift; path = TrendNotificationScheduler.swift; sourceTree = "<group>"; };
		A1B2C3D4E5F60718293A1010 /* OnboardingView.swift */ = {isa = PBXFileReference; lastKnownFileType = sourcecode.swift; path = OnboardingView.swift; sourceTree = "<group>"; };
		A1B2C3D4E5F60718293A1011 /* ProgressSheet.swift */ = {isa = PBXFileReference; lastKnownFileType = sourcecode.swift; path = ProgressSheet.swift; sourceTree = "<group>"; };
		A1B2C3D4E5F60718293A1012 /* CoachOfflineTests.swift */ = {isa = PBXFileReference; lastKnownFileType = sourcecode.swift; path = CoachOfflineTests.swift; sourceTree = "<group>"; };
		A1B2C3D4E5F60718293A1013 /* ScaleChrome.swift */ = {isa = PBXFileReference; lastKnownFileType = sourcecode.swift; path = ScaleChrome.swift; sourceTree = "<group>"; };
		A1B2C3D4E5F60718293A10SDL /* ScaleDebugLog.swift */ = {isa = PBXFileReference; lastKnownFileType = sourcecode.swift; path = ScaleDebugLog.swift; sourceTree = "<group>"; };
		A1B2C3D4E5F60718293A10PU1 /* ScalePaletteUniverse.swift */ = {isa = PBXFileReference; lastKnownFileType = sourcecode.swift; path = ScalePaletteUniverse.swift; sourceTree = "<group>"; };
		A1B2C3D4E5F60718293A10PU2 /* ScalePaletteUniverseTests.swift */ = {isa = PBXFileReference; lastKnownFileType = sourcecode.swift; path = ScalePaletteUniverseTests.swift; sourceTree = "<group>"; };
		A1B2C3D4E5F60718293A1014 /* CoachChatController.swift */ = {isa = PBXFileReference; lastKnownFileType = sourcecode.swift; path = CoachChatController.swift; sourceTree = "<group>"; };
		A1B2C3D4E5F60718293A1015 /* CoachChatView.swift */ = {isa = PBXFileReference; lastKnownFileType = sourcecode.swift; path = CoachChatView.swift; sourceTree = "<group>"; };
		A1B2C3D4E5F60718293A1016 /* GrokSharedConfig.swift */ = {isa = PBXFileReference; lastKnownFileType = sourcecode.swift; path = GrokSharedConfig.swift; sourceTree = "<group>"; };
		A1B2C3D4E5F60718293A1017 /* TheScale.xcconfig */ = {isa = PBXFileReference; lastKnownFileType = text.xcconfig; path = TheScale.xcconfig; sourceTree = "<group>"; };
		A1B2C3D4E5F60718293A1018 /* Secrets.example.xcconfig */ = {isa = PBXFileReference; lastKnownFileType = text.xcconfig; path = Secrets.example.xcconfig; sourceTree = "<group>"; };
		A1B2C3D4E5F60718293A101A /* CoachMemoryStore.swift */ = {isa = PBXFileReference; lastKnownFileType = sourcecode.swift; path = CoachMemoryStore.swift; sourceTree = "<group>"; };
		A1B2C3D4E5F60718293A101B /* GrokFitnessMonitor.swift */ = {isa = PBXFileReference; lastKnownFileType = sourcecode.swift; path = GrokFitnessMonitor.swift; sourceTree = "<group>"; };
		A1B2C3D4E5F60718293A101C /* CoachCopySanitize.swift */ = {isa = PBXFileReference; lastKnownFileType = sourcecode.swift; path = CoachCopySanitize.swift; sourceTree = "<group>"; };
		A1B2C3D4E5F60718293A101D /* TargetFeasibility.swift */ = {isa = PBXFileReference; lastKnownFileType = sourcecode.swift; path = TargetFeasibility.swift; sourceTree = "<group>"; };
		A1B2C3D4E5F60718293A101E /* TargetFeasibilityTests.swift */ = {isa = PBXFileReference; lastKnownFileType = sourcecode.swift; path = TargetFeasibilityTests.swift; sourceTree = "<group>"; };
		A1B2C3D4E5F60718293A101F /* CoachReminderScheduler.swift */ = {isa = PBXFileReference; lastKnownFileType = sourcecode.swift; path = CoachReminderScheduler.swift; sourceTree = "<group>"; };
		A1B2C3D4E5F60718293A1020 /* CoachReminderTests.swift */ = {isa = PBXFileReference; lastKnownFileType = sourcecode.swift; path = CoachReminderTests.swift; sourceTree = "<group>"; };
		A1B2C3D4E5F60718293A10MW2 /* MorningWeighDrillSchedulerTests.swift */ = {isa = PBXFileReference; lastKnownFileType = sourcecode.swift; path = MorningWeighDrillSchedulerTests.swift; sourceTree = "<group>"; };
		A1B2C3D4E5F60718293A1021 /* FoundationModelAvailability.swift */ = {isa = PBXFileReference; lastKnownFileType = sourcecode.swift; path = FoundationModelAvailability.swift; sourceTree = "<group>"; };
		A1B2C3D4E5F60718293A1022 /* FoundationModelCoach.swift */ = {isa = PBXFileReference; lastKnownFileType = sourcecode.swift; path = FoundationModelCoach.swift; sourceTree = "<group>"; };
		A1B2C3D4E5F60718293A1023 /* FoundationModelCoachTests.swift */ = {isa = PBXFileReference; lastKnownFileType = sourcecode.swift; path = FoundationModelCoachTests.swift; sourceTree = "<group>"; };
		A1B2C3D4E5F60718293A1024 /* FitnessDigestCoachTests.swift */ = {isa = PBXFileReference; lastKnownFileType = sourcecode.swift; path = FitnessDigestCoachTests.swift; sourceTree = "<group>"; };
		A1B2C3D4E5F60718293A1025 /* ScaleNotificationDelegate.swift */ = {isa = PBXFileReference; lastKnownFileType = sourcecode.swift; path = ScaleNotificationDelegate.swift; sourceTree = "<group>"; };
		A1B2C3D4E5F60718293A1026 /* HealthScienceMath.swift */ = {isa = PBXFileReference; lastKnownFileType = sourcecode.swift; path = HealthScienceMath.swift; sourceTree = "<group>"; };
		A1B2C3D4E5F60718293A1027 /* HealthScienceMathTests.swift */ = {isa = PBXFileReference; lastKnownFileType = sourcecode.swift; path = HealthScienceMathTests.swift; sourceTree = "<group>"; };
		A1B2C3D4E5F60718293A1028 /* MondayCardEngine.swift */ = {isa = PBXFileReference; lastKnownFileType = sourcecode.swift; path = MondayCardEngine.swift; sourceTree = "<group>"; };
		A1B2C3D4E5F60718293A1029 /* MondayWeeklyCardView.swift */ = {isa = PBXFileReference; lastKnownFileType = sourcecode.swift; path = MondayWeeklyCardView.swift; sourceTree = "<group>"; };
		A1B2C3D4E5F60718293A102A /* MondayCardTests.swift */ = {isa = PBXFileReference; lastKnownFileType = sourcecode.swift; path = MondayCardTests.swift; sourceTree = "<group>"; };
		A1B2C3D4E5F60718293A102B /* ScaleNotificationCatalog.swift */ = {isa = PBXFileReference; lastKnownFileType = sourcecode.swift; path = ScaleNotificationCatalog.swift; sourceTree = "<group>"; };
		A1B2C3D4E5F60718293A102C /* ScaleNotificationContentFactory.swift */ = {isa = PBXFileReference; lastKnownFileType = sourcecode.swift; path = ScaleNotificationContentFactory.swift; sourceTree = "<group>"; };
		A1B2C3D4E5F60718293A102D /* ScaleNotificationVisuals.swift */ = {isa = PBXFileReference; lastKnownFileType = sourcecode.swift; path = ScaleNotificationVisuals.swift; sourceTree = "<group>"; };
		A1B2C3D4E5F60718293A102E /* ScaleNotificationRouter.swift */ = {isa = PBXFileReference; lastKnownFileType = sourcecode.swift; path = ScaleNotificationRouter.swift; sourceTree = "<group>"; };
		A1B2C3D4E5F60718293A102F /* ScaleAppIntents.swift */ = {isa = PBXFileReference; lastKnownFileType = sourcecode.swift; path = ScaleAppIntents.swift; sourceTree = "<group>"; };
		A1B2C3D4E5F60718293A1030 /* HealthKitBackgroundDelivery.swift */ = {isa = PBXFileReference; lastKnownFileType = sourcecode.swift; path = HealthKitBackgroundDelivery.swift; sourceTree = "<group>"; };
		A1B2C3D4E5F60718293A1031 /* ScaleNotificationContentTests.swift */ = {isa = PBXFileReference; lastKnownFileType = sourcecode.swift; path = ScaleNotificationContentTests.swift; sourceTree = "<group>"; };
		A1B2C3D4E5F60718293A1032 /* PrivacyInfo.xcprivacy */ = {isa = PBXFileReference; lastKnownFileType = text.xml; path = PrivacyInfo.xcprivacy; sourceTree = "<group>"; };
		A1B2C3D4E5F60718293A1033 /* ScaleLegal.swift */ = {isa = PBXFileReference; lastKnownFileType = sourcecode.swift; path = ScaleLegal.swift; sourceTree = "<group>"; };
		A1B2C3D4E5F60718293A1034 /* PrivacyPolicyView.swift */ = {isa = PBXFileReference; lastKnownFileType = sourcecode.swift; path = PrivacyPolicyView.swift; sourceTree = "<group>"; };
		A1B2C3D4E5F60718293A1035 /* ScalePlan.swift */ = {isa = PBXFileReference; lastKnownFileType = sourcecode.swift; path = ScalePlan.swift; sourceTree = "<group>"; };
		A1B2C3D4E5F60718293A1036 /* CoachWeeklyQuota.swift */ = {isa = PBXFileReference; lastKnownFileType = sourcecode.swift; path = CoachWeeklyQuota.swift; sourceTree = "<group>"; };
		A1B2C3D4E5F60718293A1037 /* ScaleSubscriptionStore.swift */ = {isa = PBXFileReference; lastKnownFileType = sourcecode.swift; path = ScaleSubscriptionStore.swift; sourceTree = "<group>"; };
		A1B2C3D4E5F60718293A1038 /* PaywallView.swift */ = {isa = PBXFileReference; lastKnownFileType = sourcecode.swift; path = PaywallView.swift; sourceTree = "<group>"; };
		A1B2C3D4E5F60718293A1039 /* CoachQuotaTests.swift */ = {isa = PBXFileReference; lastKnownFileType = sourcecode.swift; path = CoachQuotaTests.swift; sourceTree = "<group>"; };
		A1B2C3D4E5F60718293A10PB /* ProgressBoundsTests.swift */ = {isa = PBXFileReference; lastKnownFileType = sourcecode.swift; path = ProgressBoundsTests.swift; sourceTree = "<group>"; };
		A1B2C3D4E5F60718293A103A /* Products.storekit */ = {isa = PBXFileReference; lastKnownFileType = text; path = Products.storekit; sourceTree = "<group>"; };
		A1B2C3D4E5F60718293A103B /* OnboardingProfileInference.swift */ = {isa = PBXFileReference; lastKnownFileType = sourcecode.swift; path = OnboardingProfileInference.swift; sourceTree = "<group>"; };
		A1B2C3D4E5F60718293A103C /* ScaleAppReviewPrompt.swift */ = {isa = PBXFileReference; lastKnownFileType = sourcecode.swift; path = ScaleAppReviewPrompt.swift; sourceTree = "<group>"; };
		A1B2C3D4E5F60718293A103D /* AppReviewPromptView.swift */ = {isa = PBXFileReference; lastKnownFileType = sourcecode.swift; path = AppReviewPromptView.swift; sourceTree = "<group>"; };
		A1B2C3D4E5F60718293A103E /* OnboardingInferenceTests.swift */ = {isa = PBXFileReference; lastKnownFileType = sourcecode.swift; path = OnboardingInferenceTests.swift; sourceTree = "<group>"; };
		A1B2C3D4E5F60718293A103F /* OnboardingFlowModel.swift */ = {isa = PBXFileReference; lastKnownFileType = sourcecode.swift; path = OnboardingFlowModel.swift; sourceTree = "<group>"; };
		A1B2C3D4E5F60718293A1040 /* DebugToolsView.swift */ = {isa = PBXFileReference; lastKnownFileType = sourcecode.swift; path = DebugToolsView.swift; sourceTree = "<group>"; };
		A1B2C3D4E5F60718293A1041 /* WeeklyGoalSurfaceEngine.swift */ = {isa = PBXFileReference; lastKnownFileType = sourcecode.swift; path = WeeklyGoalSurfaceEngine.swift; sourceTree = "<group>"; };
		A1B2C3D4E5F60718293A1042 /* WeeklyGoalSurfaceTests.swift */ = {isa = PBXFileReference; lastKnownFileType = sourcecode.swift; path = WeeklyGoalSurfaceTests.swift; sourceTree = "<group>"; };
		A1B2C3D4E5F60718293A10VT1 /* CoachVoiceTests.swift */ = {isa = PBXFileReference; lastKnownFileType = sourcecode.swift; path = CoachVoiceTests.swift; sourceTree = "<group>"; };
		A1B2C3D4E5F60718293A1043 /* WeeklyEnergyBalanceEvaluator.swift */ = {isa = PBXFileReference; lastKnownFileType = sourcecode.swift; path = WeeklyEnergyBalanceEvaluator.swift; sourceTree = "<group>"; };
		A1B2C3D4E5F60718293A1044 /* MealPlanEngine.swift */ = {isa = PBXFileReference; lastKnownFileType = sourcecode.swift; path = MealPlanEngine.swift; sourceTree = "<group>"; };
		A1B2C3D4E5F60718293A1045 /* MealPlanCarouselView.swift */ = {isa = PBXFileReference; lastKnownFileType = sourcecode.swift; path = MealPlanCarouselView.swift; sourceTree = "<group>"; };
		A1B2C3D4E5F60718293A1046 /* MealPlanEngineTests.swift */ = {isa = PBXFileReference; lastKnownFileType = sourcecode.swift; path = MealPlanEngineTests.swift; sourceTree = "<group>"; };
		A1B2C3D4E5F60718293A1047 /* FastingWindow.swift */ = {isa = PBXFileReference; lastKnownFileType = sourcecode.swift; path = FastingWindow.swift; sourceTree = "<group>"; };
		A1B2C3D4E5F60718293A1048 /* RetroSnakeSpinnerView.swift */ = {isa = PBXFileReference; lastKnownFileType = sourcecode.swift; path = RetroSnakeSpinnerView.swift; sourceTree = "<group>"; };
		A1B2C3D4E5F60718293A1049 /* ChartCommentStore.swift */ = {isa = PBXFileReference; lastKnownFileType = sourcecode.swift; path = ChartCommentStore.swift; sourceTree = "<group>"; };
		A1B2C3D4E5F60718293A104A /* WeighInAnalysisEngine.swift */ = {isa = PBXFileReference; lastKnownFileType = sourcecode.swift; path = WeighInAnalysisEngine.swift; sourceTree = "<group>"; };
		A1B2C3D4E5F60718293A1050 /* CoachPersona.swift */ = {isa = PBXFileReference; lastKnownFileType = sourcecode.swift; path = CoachPersona.swift; sourceTree = "<group>"; };
		A1B2C3D4E5F60718293A10CV1 /* CoachVoice.swift */ = {isa = PBXFileReference; lastKnownFileType = sourcecode.swift; path = CoachVoice.swift; sourceTree = "<group>"; };
		A1B2C3D4E5F60718293A10BF1 /* BodyFatTargetEngine.swift */ = {isa = PBXFileReference; lastKnownFileType = sourcecode.swift; path = BodyFatTargetEngine.swift; sourceTree = "<group>"; };
		A1B2C3D4E5F60718293A10PR1 /* ProfileRecalibrator.swift */ = {isa = PBXFileReference; lastKnownFileType = sourcecode.swift; path = ProfileRecalibrator.swift; sourceTree = "<group>"; };
		A1B2C3D4E5F60718293A1051 /* AggressiveWeeklyTargetEngine.swift */ = {isa = PBXFileReference; lastKnownFileType = sourcecode.swift; path = AggressiveWeeklyTargetEngine.swift; sourceTree = "<group>"; };
		A1B2C3D4E5F60718293A1052 /* AggressiveWeeklyTargetTests.swift */ = {isa = PBXFileReference; lastKnownFileType = sourcecode.swift; path = AggressiveWeeklyTargetTests.swift; sourceTree = "<group>"; };
		A1B2C3D4E5F60718293A10DW1 /* GoalPaceGuard.swift */ = {isa = PBXFileReference; lastKnownFileType = sourcecode.swift; path = GoalPaceGuard.swift; sourceTree = "<group>"; };
		A1B2C3D4E5F60718293A10DW2 /* GoalDifficultyFlavor.swift */ = {isa = PBXFileReference; lastKnownFileType = sourcecode.swift; path = GoalDifficultyFlavor.swift; sourceTree = "<group>"; };
		A1B2C3D4E5F60718293A10DW3 /* AnalogDreamScaleView.swift */ = {isa = PBXFileReference; lastKnownFileType = sourcecode.swift; path = AnalogDreamScaleView.swift; sourceTree = "<group>"; };
		A1B2C3D4E5F60718293A10DW4 /* DreamOnboardingTests.swift */ = {isa = PBXFileReference; lastKnownFileType = sourcecode.swift; path = DreamOnboardingTests.swift; sourceTree = "<group>"; };
		A1B2C3D4E5F60718293A10LG1 /* ScaleDataRights.swift */ = {isa = PBXFileReference; lastKnownFileType = sourcecode.swift; path = ScaleDataRights.swift; sourceTree = "<group>"; };
		A1B2C3D4E5F60718293A10LG2 /* ScaleLegalTests.swift */ = {isa = PBXFileReference; lastKnownFileType = sourcecode.swift; path = ScaleLegalTests.swift; sourceTree = "<group>"; };
		A1B2C3D4E5F60718293A10PG1 /* ProfileGapPromptEngine.swift */ = {isa = PBXFileReference; lastKnownFileType = sourcecode.swift; path = ProfileGapPromptEngine.swift; sourceTree = "<group>"; };
		A1B2C3D4E5F60718293A10PG2 /* ProfileGapPromptView.swift */ = {isa = PBXFileReference; lastKnownFileType = sourcecode.swift; path = ProfileGapPromptView.swift; sourceTree = "<group>"; };
		A1B2C3D4E5F60718293A10PG3 /* ProfileGapPromptEngineTests.swift */ = {isa = PBXFileReference; lastKnownFileType = sourcecode.swift; path = ProfileGapPromptEngineTests.swift; sourceTree = "<group>"; };
		A1B2C3D4E5F60718293A10SF1 /* ScaleStorefront.swift */ = {isa = PBXFileReference; lastKnownFileType = sourcecode.swift; path = ScaleStorefront.swift; sourceTree = "<group>"; };
		A1B2C3D4E5F60718293A10SF2 /* ScaleStorefrontTests.swift */ = {isa = PBXFileReference; lastKnownFileType = sourcecode.swift; path = ScaleStorefrontTests.swift; sourceTree = "<group>"; };
		A1B2C3D4E5F60718293A10SP1 /* SplashView.swift */ = {isa = PBXFileReference; lastKnownFileType = sourcecode.swift; path = SplashView.swift; sourceTree = "<group>"; };
		A1B2C3D4E5F60718293A10U1 /* UnitFormatTests.swift */ = {isa = PBXFileReference; lastKnownFileType = sourcecode.swift; path = UnitFormatTests.swift; sourceTree = "<group>"; };
		A1B2C3D4E5F60718293A10UX1 /* AgeSwipeControl.swift */ = {isa = PBXFileReference; lastKnownFileType = sourcecode.swift; path = AgeSwipeControl.swift; sourceTree = "<group>"; };
		A1B2C3D4E5F60718293A10UX2 /* HorizonArcBankView.swift */ = {isa = PBXFileReference; lastKnownFileType = sourcecode.swift; path = HorizonArcBankView.swift; sourceTree = "<group>"; };
		A1B2C3D4E5F60718293A10WH1 /* WeighInHeroMomentView.swift */ = {isa = PBXFileReference; lastKnownFileType = sourcecode.swift; path = WeighInHeroMomentView.swift; sourceTree = "<group>"; };
		A304519DFF454B2EB888EA92 /* TheScale.entitlements */ = {isa = PBXFileReference; lastKnownFileType = text.plist.entitlements; path = TheScale.entitlements; sourceTree = "<group>"; };
		A35B878F26684D38829349F0 /* TheScaleApp.swift */ = {isa = PBXFileReference; lastKnownFileType = sourcecode.swift; path = TheScaleApp.swift; sourceTree = "<group>"; };
		AC8BB567BC5A469595541B70 /* CoreBluetoothScaleScanner.swift */ = {isa = PBXFileReference; lastKnownFileType = sourcecode.swift; path = CoreBluetoothScaleScanner.swift; sourceTree = "<group>"; };
		D6A9DA851C404433ACD94ECA /* Info.plist */ = {isa = PBXFileReference; lastKnownFileType = text.plist.xml; path = Info.plist; sourceTree = "<group>"; };
		D9E034D719C949FFB23C0620 /* MiScale2FrameDecoder.swift */ = {isa = PBXFileReference; lastKnownFileType = sourcecode.swift; path = MiScale2FrameDecoder.swift; sourceTree = "<group>"; };
		DD9268209C7548B6B832E710 /* HealthKitWriter.swift */ = {isa = PBXFileReference; lastKnownFileType = sourcecode.swift; path = HealthKitWriter.swift; sourceTree = "<group>"; };
		E595CBE9B3604BDA974B7530 /* MiScale2DecoderTests.swift */ = {isa = PBXFileReference; lastKnownFileType = sourcecode.swift; path = MiScale2DecoderTests.swift; sourceTree = "<group>"; };
		A1B2C3D4E5F60718293A10HG1 /* HomeGlassBar.swift */ = {isa = PBXFileReference; lastKnownFileType = sourcecode.swift; path = HomeGlassBar.swift; sourceTree = "<group>"; };
		A1B2C3D4E5F60718293A10HZ1 /* HazeTiltMotion.swift */ = {isa = PBXFileReference; lastKnownFileType = sourcecode.swift; path = HazeTiltMotion.swift; sourceTree = "<group>"; };
		A1B2C3D4E5F60718293A10NC1 /* NotificationCenterSheet.swift */ = {isa = PBXFileReference; lastKnownFileType = sourcecode.swift; path = NotificationCenterSheet.swift; sourceTree = "<group>"; };
		A1B2C3D4E5F60718293A10MW1 /* MorningWeighDrillScheduler.swift */ = {isa = PBXFileReference; lastKnownFileType = sourcecode.swift; path = MorningWeighDrillScheduler.swift; sourceTree = "<group>"; };
		A1B2C3D4E5F60718293A10LA1 /* WeighInActivityAttributes.swift */ = {isa = PBXFileReference; lastKnownFileType = sourcecode.swift; path = WeighInActivityAttributes.swift; sourceTree = "<group>"; };
		A1B2C3D4E5F60718293A10WW1 /* WeighInLiveActivityWidget.swift */ = {isa = PBXFileReference; lastKnownFileType = sourcecode.swift; path = TheScaleWidgets/WeighInLiveActivityWidget.swift; sourceTree = SOURCE_ROOT; };
		A1B2C3D4E5F60718293A10WI1 /* Info.plist */ = {isa = PBXFileReference; lastKnownFileType = text.plist.xml; path = TheScaleWidgets/Info.plist; sourceTree = SOURCE_ROOT; };
		A1B2C3D4E5F60718293A10WE1 /* TheScaleWidgets.entitlements */ = {isa = PBXFileReference; lastKnownFileType = text.plist.entitlements; path = TheScaleWidgets/TheScaleWidgets.entitlements; sourceTree = SOURCE_ROOT; };
		A1B2C3D4E5F60718293A10WP1 /* TheScaleWidgets.appex */ = {isa = PBXFileReference; explicitFileType = "wrapper.app-extension"; includeInIndex = 0; path = TheScaleWidgets.appex; sourceTree = BUILT_PRODUCTS_DIR; };
/* End PBXFileReference section */

/* Begin PBXFrameworksBuildPhase section */
		A1B2C3D4E5F60718293A00WF1 /* Frameworks */ = {
			isa = PBXFrameworksBuildPhase;
			buildActionMask = 2147483647;
			files = (
			);
			runOnlyForDeploymentPostprocessing = 0;
		};
		7003DF63C2C8429DB568C223 /* Frameworks */ = {
			isa = PBXFrameworksBuildPhase;
			buildActionMask = 2147483647;
			files = (
				A1B2C3D4E5F60718293A00PKG /* ScaleOnDevicePolish in Frameworks */,
			);
			runOnlyForDeploymentPostprocessing = 0;
		};
		91EFFE52C56E4A27A872E6F1 /* Frameworks */ = {
			isa = PBXFrameworksBuildPhase;
			buildActionMask = 2147483647;
			files = (
			);
			runOnlyForDeploymentPostprocessing = 0;
		};
/* End PBXFrameworksBuildPhase section */

/* Begin PBXGroup section */
		1506E668164B49DE9292E00E /* Views */ = {
			isa = PBXGroup;
			children = (
				87EB1E9E2263405C8B1B48F0 /* ContentView.swift */,
				A1B2C3D4E5F60718293A1003 /* LiveWeighInSheet.swift */,
				A1B2C3D4E5F60718293A1009 /* WeighInResultsView.swift */,
				A1B2C3D4E5F60718293A100B /* ManualWeighInView.swift */,
				A1B2C3D4E5F60718293A1010 /* OnboardingView.swift */,
				A1B2C3D4E5F60718293A10DW3 /* AnalogDreamScaleView.swift */,
				A1B2C3D4E5F60718293A10UX1 /* AgeSwipeControl.swift */,
				A1B2C3D4E5F60718293A10UX2 /* HorizonArcBankView.swift */,
				A1B2C3D4E5F60718293A10WH1 /* WeighInHeroMomentView.swift */,
				A1B2C3D4E5F60718293A10PG2 /* ProfileGapPromptView.swift */,
				A1B2C3D4E5F60718293A10NC1 /* NotificationCenterSheet.swift */,
				A1B2C3D4E5F60718293A10SP1 /* SplashView.swift */,
				A1B2C3D4E5F60718293A1040 /* DebugToolsView.swift */,
				A1B2C3D4E5F60718293A103D /* AppReviewPromptView.swift */,
				A1B2C3D4E5F60718293A1011 /* ProgressSheet.swift */,
				A1B2C3D4E5F60718293A1015 /* CoachChatView.swift */,
				A1B2C3D4E5F60718293A1029 /* MondayWeeklyCardView.swift */,
				A1B2C3D4E5F60718293A1045 /* MealPlanCarouselView.swift */,
				A1B2C3D4E5F60718293A1048 /* RetroSnakeSpinnerView.swift */,
				A1B2C3D4E5F60718293A1034 /* PrivacyPolicyView.swift */,
				A1B2C3D4E5F60718293A1038 /* PaywallView.swift */,
				A1B2C3D4E5F60718293A1006 /* SettingsView.swift */,
			);
			path = Views;
			sourceTree = "<group>";
		};
		19097D29942F47248A42C320 /* BLE */ = {
			isa = PBXGroup;
			children = (
				D9E034D719C949FFB23C0620 /* MiScale2FrameDecoder.swift */,
				AC8BB567BC5A469595541B70 /* CoreBluetoothScaleScanner.swift */,
			);
			path = BLE;
			sourceTree = "<group>";
		};
		2B0FBBD8D0F5403DB489D183 = {
			isa = PBXGroup;
			children = (
				A1B2C3D4E5F60718293A1019 /* Config */,
				47A6C3C6275341DB8FC9EB0F /* TheScale */,
				A1B2C3D4E5F60718293A10WG1 /* TheScaleWidgets */,
				C098867BBD024314896FE9A9 /* TheScaleTests */,
				786C64B488AF41CE9FFBB2D7 /* Products */,
			);
			sourceTree = "<group>";
		};
		363A498F516E4D29A5042E2C /* Models */ = {
			isa = PBXGroup;
			children = (
				8E310DE90F9D4E95A8C307F0 /* ScaleMeasurement.swift */,
				A1B2C3D4E5F60718293A10PN1 /* ProfileNumericBounds.swift */,
				98B7D1B4269643799F3CE3B0 /* ScaleSessionViewModel.swift */,
				A1B2C3D4E5F60718293A1001 /* WeightTrend.swift */,
				A1B2C3D4E5F60718293A1002 /* EditableMeasurementDraft.swift */,
				A1B2C3D4E5F60718293A1005 /* ScaleCalibration.swift */,
				A1B2C3D4E5F60718293A1008 /* HealthHistoryRange.swift */,
				A1B2C3D4E5F60718293A100C /* UserPreferences.swift */,
			);
			path = Models;
			sourceTree = "<group>";
		};
		47A6C3C6275341DB8FC9EB0F /* TheScale */ = {
			isa = PBXGroup;
			children = (
				4A6E6D79428B493CBF06B9A8 /* App */,
				363A498F516E4D29A5042E2C /* Models */,
				19097D29942F47248A42C320 /* BLE */,
				C1B0AEBF4FE7489F878071C4 /* Health */,
				A1B2C3D4E5F60718293A10ODG /* OnDevicePolish */,
				B7E2F1A0C3D4491E9F6A2B12 /* Coaching */,
				B7E2F1A0C3D4491E9F6A2B13 /* Notifications */,
				C5819192AB924C7DB8F782F9 /* BodyComposition */,
				A1B2C3D4E5F60718293A10LIV1 /* LiveActivity */,
				D5A1E000SCALEDESIGN0001 /* Design */,
				1506E668164B49DE9292E00E /* Views */,
				5AA02014DB214A8798755049 /* Resources */,
			);
			path = TheScale;
			sourceTree = "<group>";
		};
		4A6E6D79428B493CBF06B9A8 /* App */ = {
			isa = PBXGroup;
			children = (
				A35B878F26684D38829349F0 /* TheScaleApp.swift */,
			);
			path = App;
			sourceTree = "<group>";
		};
		5AA02014DB214A8798755049 /* Resources */ = {
			isa = PBXGroup;
			children = (
				8E22910827A843D494EA2130 /* Assets.xcassets */,
				D6A9DA851C404433ACD94ECA /* Info.plist */,
				A1B2C3D4E5F60718293A1032 /* PrivacyInfo.xcprivacy */,
				A304519DFF454B2EB888EA92 /* TheScale.entitlements */,
			);
			path = Resources;
			sourceTree = "<group>";
		};
		786C64B488AF41CE9FFBB2D7 /* Products */ = {
			isa = PBXGroup;
			children = (
				A1B2C3D4E5F60718293A10WP1 /* TheScaleWidgets.appex */,
				056560E6968546ABA637231B /* TheScale.app */,
				1D6492050DAD4FD2AB370346 /* TheScaleTests.xctest */,
			);
			name = Products;
			sourceTree = "<group>";
		};
		A1B2C3D4E5F60718293A1019 /* Config */ = {
			isa = PBXGroup;
			children = (
				A1B2C3D4E5F60718293A1017 /* TheScale.xcconfig */,
				A1B2C3D4E5F60718293A1018 /* Secrets.example.xcconfig */,
				A1B2C3D4E5F60718293A103A /* Products.storekit */,
			);
			path = Config;
			sourceTree = "<group>";
		};
		A1B2C3D4E5F60718293A10ODG /* OnDevicePolish */ = {
			isa = PBXGroup;
			children = (
				A1B2C3D4E5F60718293A10OD1 /* OnDevicePolishBootstrap.swift */,
			);
			path = OnDevicePolish;
			sourceTree = "<group>";
		};
		B7E2F1A0C3D4491E9F6A2B12 /* Coaching */ = {
			isa = PBXGroup;
			children = (
				A1B2C3D4E5F60718293A100D /* GrokKeychain.swift */,
				A1B2C3D4E5F60718293A1016 /* GrokSharedConfig.swift */,
				A1B2C3D4E5F60718293A100E /* GrokClient.swift */,
				A1B2C3D4E5F60718293A101C /* CoachCopySanitize.swift */,
				A1B2C3D4E5F60718293A101D /* TargetFeasibility.swift */,
				A1B2C3D4E5F60718293A101A /* CoachMemoryStore.swift */,
				A1B2C3D4E5F60718293A101B /* GrokFitnessMonitor.swift */,
				A1B2C3D4E5F60718293A1014 /* CoachChatController.swift */,
				A1B2C3D4E5F60718293A1021 /* FoundationModelAvailability.swift */,
				A1B2C3D4E5F60718293A1022 /* FoundationModelCoach.swift */,
				A1B2C3D4E5F60718293A1028 /* MondayCardEngine.swift */,
				A1B2C3D4E5F60718293A1041 /* WeeklyGoalSurfaceEngine.swift */,
				A1B2C3D4E5F60718293A1043 /* WeeklyEnergyBalanceEvaluator.swift */,
				A1B2C3D4E5F60718293A1044 /* MealPlanEngine.swift */,
				A1B2C3D4E5F60718293A1051 /* AggressiveWeeklyTargetEngine.swift */,
				A1B2C3D4E5F60718293A1050 /* CoachPersona.swift */,
				A1B2C3D4E5F60718293A10PR1 /* ProfileRecalibrator.swift */,
				A1B2C3D4E5F60718293A10BF1 /* BodyFatTargetEngine.swift */,
				A1B2C3D4E5F60718293A10CV1 /* CoachVoice.swift */,
				A1B2C3D4E5F60718293A104A /* WeighInAnalysisEngine.swift */,
				A1B2C3D4E5F60718293A1049 /* ChartCommentStore.swift */,
				A1B2C3D4E5F60718293A1047 /* FastingWindow.swift */,
				A1B2C3D4E5F60718293A1033 /* ScaleLegal.swift */,
				A1B2C3D4E5F60718293A1035 /* ScalePlan.swift */,
				A1B2C3D4E5F60718293A1036 /* CoachWeeklyQuota.swift */,
				A1B2C3D4E5F60718293A1037 /* ScaleSubscriptionStore.swift */,
				A1B2C3D4E5F60718293A10SF1 /* ScaleStorefront.swift */,
				A1B2C3D4E5F60718293A10LG1 /* ScaleDataRights.swift */,
				A1B2C3D4E5F60718293A103B /* OnboardingProfileInference.swift */,
				A1B2C3D4E5F60718293A103F /* OnboardingFlowModel.swift */,
				A1B2C3D4E5F60718293A10PG1 /* ProfileGapPromptEngine.swift */,
				A1B2C3D4E5F60718293A10DW1 /* GoalPaceGuard.swift */,
				A1B2C3D4E5F60718293A10DW2 /* GoalDifficultyFlavor.swift */,
				A1B2C3D4E5F60718293A103C /* ScaleAppReviewPrompt.swift */,
			);
			path = Coaching;
			sourceTree = "<group>";
		};
		B7E2F1A0C3D4491E9F6A2B13 /* Notifications */ = {
			isa = PBXGroup;
			children = (
				A1B2C3D4E5F60718293A10MW1 /* MorningWeighDrillScheduler.swift */,
				A1B2C3D4E5F60718293A100F /* TrendNotificationScheduler.swift */,
				A1B2C3D4E5F60718293A101F /* CoachReminderScheduler.swift */,
				A1B2C3D4E5F60718293A1025 /* ScaleNotificationDelegate.swift */,
				A1B2C3D4E5F60718293A102B /* ScaleNotificationCatalog.swift */,
				A1B2C3D4E5F60718293A102C /* ScaleNotificationContentFactory.swift */,
				A1B2C3D4E5F60718293A102D /* ScaleNotificationVisuals.swift */,
				A1B2C3D4E5F60718293A102E /* ScaleNotificationRouter.swift */,
				A1B2C3D4E5F60718293A102F /* ScaleAppIntents.swift */,
			);
			path = Notifications;
			sourceTree = "<group>";
		};
		C098867BBD024314896FE9A9 /* TheScaleTests */ = {
			isa = PBXGroup;
			children = (
				E595CBE9B3604BDA974B7530 /* MiScale2DecoderTests.swift */,
				A1B2C3D4E5F60718293A1004 /* WeightTrendTests.swift */,
				A1B2C3D4E5F60718293A1007 /* ScaleCalibrationTests.swift */,
				A1B2C3D4E5F60718293A100A /* HealthHistoryChartTests.swift */,
				A1B2C3D4E5F60718293A1012 /* CoachOfflineTests.swift */,
				A1B2C3D4E5F60718293A101E /* TargetFeasibilityTests.swift */,
				A1B2C3D4E5F60718293A1020 /* CoachReminderTests.swift */,
				A1B2C3D4E5F60718293A10MW2 /* MorningWeighDrillSchedulerTests.swift */,
				A1B2C3D4E5F60718293A1023 /* FoundationModelCoachTests.swift */,
				A1B2C3D4E5F60718293A1024 /* FitnessDigestCoachTests.swift */,
				A1B2C3D4E5F60718293A1027 /* HealthScienceMathTests.swift */,
				A1B2C3D4E5F60718293A102A /* MondayCardTests.swift */,
				A1B2C3D4E5F60718293A1042 /* WeeklyGoalSurfaceTests.swift */,
				A1B2C3D4E5F60718293A10VT1 /* CoachVoiceTests.swift */,
				A1B2C3D4E5F60718293A10PU2 /* ScalePaletteUniverseTests.swift */,
				A1B2C3D4E5F60718293A1046 /* MealPlanEngineTests.swift */,
				A1B2C3D4E5F60718293A1052 /* AggressiveWeeklyTargetTests.swift */,
				A1B2C3D4E5F60718293A10U1 /* UnitFormatTests.swift */,
				A1B2C3D4E5F60718293A1031 /* ScaleNotificationContentTests.swift */,
				A1B2C3D4E5F60718293A1039 /* CoachQuotaTests.swift */,
				A1B2C3D4E5F60718293A10PB /* ProgressBoundsTests.swift */,
				A1B2C3D4E5F60718293A103E /* OnboardingInferenceTests.swift */,
				A1B2C3D4E5F60718293A10PG3 /* ProfileGapPromptEngineTests.swift */,
				A1B2C3D4E5F60718293A10SF2 /* ScaleStorefrontTests.swift */,
				A1B2C3D4E5F60718293A10LG2 /* ScaleLegalTests.swift */,
				A1B2C3D4E5F60718293A10DW4 /* DreamOnboardingTests.swift */,
			);
			path = TheScaleTests;
			sourceTree = "<group>";
		};
		C1B0AEBF4FE7489F878071C4 /* Health */ = {
			isa = PBXGroup;
			children = (
				DD9268209C7548B6B832E710 /* HealthKitWriter.swift */,
				A1B2C3D4E5F60718293A10SDL /* ScaleDebugLog.swift */,
				A1B2C3D4E5F60718293A1030 /* HealthKitBackgroundDelivery.swift */,
				A1B2C3D4E5F60718293A1026 /* HealthScienceMath.swift */,
			);
			path = Health;
			sourceTree = "<group>";
		};
		C5819192AB924C7DB8F782F9 /* BodyComposition */ = {
			isa = PBXGroup;
			children = (
				0EA1C2AF6999490F8E49CA50 /* BodyCompositionCalculator.swift */,
			);
			path = BodyComposition;
			sourceTree = "<group>";
		};
		A1B2C3D4E5F60718293A10LIV1 /* LiveActivity */ = {
			isa = PBXGroup;
			children = (
				A1B2C3D4E5F60718293A10LA1 /* WeighInActivityAttributes.swift */,
			);
			path = LiveActivity;
			sourceTree = "<group>";
		};
		A1B2C3D4E5F60718293A10WG1 /* TheScaleWidgets */ = {
			isa = PBXGroup;
			children = (
				A1B2C3D4E5F60718293A10WW1 /* WeighInLiveActivityWidget.swift */,
				A1B2C3D4E5F60718293A10WI1 /* Info.plist */,
				A1B2C3D4E5F60718293A10WE1 /* TheScaleWidgets.entitlements */,
			);
			name = TheScaleWidgets;
			sourceTree = "<group>";
		};
		D5A1E000SCALEDESIGN0001 /* Design */ = {
			isa = PBXGroup;
			children = (
				A1B2C3D4E5F60718293A10HG1 /* HomeGlassBar.swift */,
				A1B2C3D4E5F60718293A10HZ1 /* HazeTiltMotion.swift */,
				A1B2C3D4E5F60718293A1013 /* ScaleChrome.swift */,
				A1B2C3D4E5F60718293A10PU1 /* ScalePaletteUniverse.swift */,
			);
			path = Design;
			sourceTree = "<group>";
		};
/* End PBXGroup section */

/* Begin PBXNativeTarget section */
		85ADC919B7464065BFCBCFCF /* TheScaleTests */ = {
			isa = PBXNativeTarget;
			buildConfigurationList = B9FD7133C58749F4A7549A26 /* Build configuration list for PBXNativeTarget "TheScaleTests" */;
			buildPhases = (
				2AC3252E15BF4B5086E78C5B /* Sources */,
				91EFFE52C56E4A27A872E6F1 /* Frameworks */,
			);
			buildRules = (
			);
			dependencies = (
				BD50ADD66FE34905B4459304 /* PBXTargetDependency */,
			);
			name = TheScaleTests;
			productName = TheScaleTests;
			productReference = 1D6492050DAD4FD2AB370346 /* TheScaleTests.xctest */;
			productType = "com.apple.product-type.bundle.unit-test";
		};
		A1B2C3D4E5F60718293A00WT1 /* TheScaleWidgets */ = {
			isa = PBXNativeTarget;
			buildConfigurationList = A1B2C3D4E5F60718293A00WC1 /* Build configuration list for PBXNativeTarget "TheScaleWidgets" */;
			buildPhases = (
				A1B2C3D4E5F60718293A00WF1 /* Frameworks */,
				A1B2C3D4E5F60718293A00WS1 /* Sources */,
				A1B2C3D4E5F60718293A00WR1 /* Resources */,
			);
			buildRules = (
			);
			dependencies = (
			);
			name = TheScaleWidgets;
			productName = TheScaleWidgets;
			productReference = A1B2C3D4E5F60718293A10WP1 /* TheScaleWidgets.appex */;
			productType = "com.apple.product-type.app-extension";
		};
		F2EF6237A6094A1596D86B45 /* TheScale */ = {
			isa = PBXNativeTarget;
			buildConfigurationList = DA9A58144F90494C87B74C25 /* Build configuration list for PBXNativeTarget "TheScale" */;
			buildPhases = (
				A1B2C3D4E5F60718293A00EP1 /* Embed Foundation Extensions */,
				91D0FA83F91F4CBC9373CA7D /* Sources */,
				7003DF63C2C8429DB568C223 /* Frameworks */,
				BFEFC94F7CDF4EC895197441 /* Resources */,
			);
			buildRules = (
			);
			dependencies = (
				A1B2C3D4E5F60718293A00TD1 /* PBXTargetDependency */,
			);
			name = TheScale;
			packageProductDependencies = (
				A1B2C3D4E5F60718293A10PRD /* ScaleOnDevicePolish */,
			);
			productName = TheScale;
			productReference = 056560E6968546ABA637231B /* TheScale.app */;
			productType = "com.apple.product-type.application";
		};
/* End PBXNativeTarget section */

/* Begin PBXProject section */
		D98058AA25D5439B8FFAB37C /* Project object */ = {
			isa = PBXProject;
			attributes = {
				BuildIndependentTargetsInParallel = 1;
				LastSwiftUpdateCheck = 2600;
				LastUpgradeCheck = 2700;
				TargetAttributes = {
					85ADC919B7464065BFCBCFCF = {
						CreatedOnToolsVersion = 15.4;
						TestTargetID = F2EF6237A6094A1596D86B45;
					};
					A1B2C3D4E5F60718293A00WT1 = {
						CreatedOnToolsVersion = 27.0;
					};
					F2EF6237A6094A1596D86B45 = {
						CreatedOnToolsVersion = 15.4;
					};
				};
			};
			buildConfigurationList = 31A3B16E59564DB3A07A41FC /* Build configuration list for PBXProject "TheScale" */;
			compatibilityVersion = "Xcode 14.0";
			developmentRegion = en;
			hasScannedForEncodings = 0;
			knownRegions = (
				en,
				Base,
			);
			mainGroup = 2B0FBBD8D0F5403DB489D183;
			packageReferences = (
				A1B2C3D4E5F60718293A10PKG /* XCLocalSwiftPackageReference "Packages/ScaleOnDevicePolish" */,
			);
			productRefGroup = 786C64B488AF41CE9FFBB2D7 /* Products */;
			projectDirPath = "";
			projectRoot = "";
			targets = (
				F2EF6237A6094A1596D86B45 /* TheScale */,
				A1B2C3D4E5F60718293A00WT1 /* TheScaleWidgets */,
				85ADC919B7464065BFCBCFCF /* TheScaleTests */,
			);
		};
/* End PBXProject section */

/* Begin PBXCopyFilesBuildPhase section */
		A1B2C3D4E5F60718293A00EP1 /* Embed Foundation Extensions */ = {
			isa = PBXCopyFilesBuildPhase;
			buildActionMask = 2147483647;
			dstPath = "";
			dstSubfolderSpec = 13;
			files = (
				A1B2C3D4E5F60718293A00WE2 /* TheScaleWidgets.appex in Embed Foundation Extensions */,
			);
			name = "Embed Foundation Extensions";
			runOnlyForDeploymentPostprocessing = 0;
		};
/* End PBXCopyFilesBuildPhase section */

/* Begin PBXResourcesBuildPhase section */
		A1B2C3D4E5F60718293A00WR1 /* Resources */ = {
			isa = PBXResourcesBuildPhase;
			buildActionMask = 2147483647;
			files = (
			);
			runOnlyForDeploymentPostprocessing = 0;
		};
		BFEFC94F7CDF4EC895197441 /* Resources */ = {
			isa = PBXResourcesBuildPhase;
			buildActionMask = 2147483647;
			files = (
				F35CAA4A11DE44F69B30D6DA /* Assets.xcassets in Resources */,
				A1B2C3D4E5F60718293A0032 /* PrivacyInfo.xcprivacy in Resources */,
			);
			runOnlyForDeploymentPostprocessing = 0;
		};
/* End PBXResourcesBuildPhase section */

/* Begin PBXSourcesBuildPhase section */
		A1B2C3D4E5F60718293A00WS1 /* Sources */ = {
			isa = PBXSourcesBuildPhase;
			buildActionMask = 2147483647;
			files = (
				A1B2C3D4E5F60718293A00WW1 /* WeighInLiveActivityWidget.swift in Sources */,
				A1B2C3D4E5F60718293A00WA1 /* WeighInActivityAttributes.swift in Sources */,
			);
			runOnlyForDeploymentPostprocessing = 0;
		};
		2AC3252E15BF4B5086E78C5B /* Sources */ = {
			isa = PBXSourcesBuildPhase;
			buildActionMask = 2147483647;
			files = (
				B100683E83BB4960A142A289 /* MiScale2DecoderTests.swift in Sources */,
				A1B2C3D4E5F60718293A0004 /* WeightTrendTests.swift in Sources */,
				A1B2C3D4E5F60718293A0007 /* ScaleCalibrationTests.swift in Sources */,
				A1B2C3D4E5F60718293A000A /* HealthHistoryChartTests.swift in Sources */,
				A1B2C3D4E5F60718293A0012 /* CoachOfflineTests.swift in Sources */,
				A1B2C3D4E5F60718293A001E /* TargetFeasibilityTests.swift in Sources */,
				A1B2C3D4E5F60718293A0020 /* CoachReminderTests.swift in Sources */,
				A1B2C3D4E5F60718293A00MW2 /* MorningWeighDrillSchedulerTests.swift in Sources */,
				A1B2C3D4E5F60718293A0023 /* FoundationModelCoachTests.swift in Sources */,
				A1B2C3D4E5F60718293A0024 /* FitnessDigestCoachTests.swift in Sources */,
				A1B2C3D4E5F60718293A0027 /* HealthScienceMathTests.swift in Sources */,
				A1B2C3D4E5F60718293A002A /* MondayCardTests.swift in Sources */,
				A1B2C3D4E5F60718293A0042 /* WeeklyGoalSurfaceTests.swift in Sources */,
				A1B2C3D4E5F60718293A00VT1 /* CoachVoiceTests.swift in Sources */,
				A1B2C3D4E5F60718293A00PU2 /* ScalePaletteUniverseTests.swift in Sources */,
				A1B2C3D4E5F60718293A0046 /* MealPlanEngineTests.swift in Sources */,
				A1B2C3D4E5F60718293A0052 /* AggressiveWeeklyTargetTests.swift in Sources */,
				A1B2C3D4E5F60718293A00U1 /* UnitFormatTests.swift in Sources */,
				A1B2C3D4E5F60718293A0031 /* ScaleNotificationContentTests.swift in Sources */,
				A1B2C3D4E5F60718293A0039 /* CoachQuotaTests.swift in Sources */,
				A1B2C3D4E5F60718293A00PB /* ProgressBoundsTests.swift in Sources */,
				A1B2C3D4E5F60718293A003E /* OnboardingInferenceTests.swift in Sources */,
				A1B2C3D4E5F60718293A00PG3 /* ProfileGapPromptEngineTests.swift in Sources */,
				A1B2C3D4E5F60718293A00SF2 /* ScaleStorefrontTests.swift in Sources */,
				A1B2C3D4E5F60718293A00LG2 /* ScaleLegalTests.swift in Sources */,
				A1B2C3D4E5F60718293A00DW4 /* DreamOnboardingTests.swift in Sources */,
			);
			runOnlyForDeploymentPostprocessing = 0;
		};
		91D0FA83F91F4CBC9373CA7D /* Sources */ = {
			isa = PBXSourcesBuildPhase;
			buildActionMask = 2147483647;
			files = (
				6F875465CF3841AAAE957421 /* TheScaleApp.swift in Sources */,
				8C54A511087B4CD1ACD4066D /* ScaleMeasurement.swift in Sources */,
				A1B2C3D4E5F60718293A00PN1 /* ProfileNumericBounds.swift in Sources */,
				3B9F0978281C4C8EBE8DADFC /* ScaleSessionViewModel.swift in Sources */,
				639C1D0FBB9F479E88FDD8E4 /* MiScale2FrameDecoder.swift in Sources */,
				8425863436B347BE915C74E8 /* CoreBluetoothScaleScanner.swift in Sources */,
				77A738E9F5444319B38724AA /* HealthKitWriter.swift in Sources */,
				A1B2C3D4E5F60718293A00SDL /* ScaleDebugLog.swift in Sources */,
				A1B2C3D4E5F60718293A0026 /* HealthScienceMath.swift in Sources */,
				1856DEB36DD046A7ACBD0584 /* BodyCompositionCalculator.swift in Sources */,
				3CAF1391CFF64BF3AC07916E /* ContentView.swift in Sources */,
				A1B2C3D4E5F60718293A0001 /* WeightTrend.swift in Sources */,
				A1B2C3D4E5F60718293A0002 /* EditableMeasurementDraft.swift in Sources */,
				A1B2C3D4E5F60718293A0003 /* LiveWeighInSheet.swift in Sources */,
				A1B2C3D4E5F60718293A0005 /* ScaleCalibration.swift in Sources */,
				A1B2C3D4E5F60718293A0006 /* SettingsView.swift in Sources */,
				A1B2C3D4E5F60718293A0008 /* HealthHistoryRange.swift in Sources */,
				A1B2C3D4E5F60718293A0009 /* WeighInResultsView.swift in Sources */,
				A1B2C3D4E5F60718293A000B /* ManualWeighInView.swift in Sources */,
				A1B2C3D4E5F60718293A000C /* UserPreferences.swift in Sources */,
				A1B2C3D4E5F60718293A000D /* GrokKeychain.swift in Sources */,
				A1B2C3D4E5F60718293A0016 /* GrokSharedConfig.swift in Sources */,
				A1B2C3D4E5F60718293A000E /* GrokClient.swift in Sources */,
				A1B2C3D4E5F60718293A000F /* TrendNotificationScheduler.swift in Sources */,
				A1B2C3D4E5F60718293A0010 /* OnboardingView.swift in Sources */,
				A1B2C3D4E5F60718293A0011 /* ProgressSheet.swift in Sources */,
				A1B2C3D4E5F60718293A0013 /* ScaleChrome.swift in Sources */,
				A1B2C3D4E5F60718293A00PU1 /* ScalePaletteUniverse.swift in Sources */,
				A1B2C3D4E5F60718293A0014 /* CoachChatController.swift in Sources */,
				A1B2C3D4E5F60718293A0015 /* CoachChatView.swift in Sources */,
				A1B2C3D4E5F60718293A001A /* CoachMemoryStore.swift in Sources */,
				A1B2C3D4E5F60718293A001B /* GrokFitnessMonitor.swift in Sources */,
				A1B2C3D4E5F60718293A001C /* CoachCopySanitize.swift in Sources */,
				A1B2C3D4E5F60718293A001D /* TargetFeasibility.swift in Sources */,
				A1B2C3D4E5F60718293A001F /* CoachReminderScheduler.swift in Sources */,
				A1B2C3D4E5F60718293A0025 /* ScaleNotificationDelegate.swift in Sources */,
				A1B2C3D4E5F60718293A0021 /* FoundationModelAvailability.swift in Sources */,
				A1B2C3D4E5F60718293A0022 /* FoundationModelCoach.swift in Sources */,
				A1B2C3D4E5F60718293A00OD1 /* OnDevicePolishBootstrap.swift in Sources */,
				A1B2C3D4E5F60718293A0028 /* MondayCardEngine.swift in Sources */,
				A1B2C3D4E5F60718293A0041 /* WeeklyGoalSurfaceEngine.swift in Sources */,
				A1B2C3D4E5F60718293A0043 /* WeeklyEnergyBalanceEvaluator.swift in Sources */,
				A1B2C3D4E5F60718293A0044 /* MealPlanEngine.swift in Sources */,
				A1B2C3D4E5F60718293A0051 /* AggressiveWeeklyTargetEngine.swift in Sources */,
				A1B2C3D4E5F60718293A0050 /* CoachPersona.swift in Sources */,
				A1B2C3D4E5F60718293A00PR1 /* ProfileRecalibrator.swift in Sources */,
				A1B2C3D4E5F60718293A00BF1 /* BodyFatTargetEngine.swift in Sources */,
				A1B2C3D4E5F60718293A00CV1 /* CoachVoice.swift in Sources */,
				A1B2C3D4E5F60718293A004A /* WeighInAnalysisEngine.swift in Sources */,
				A1B2C3D4E5F60718293A0049 /* ChartCommentStore.swift in Sources */,
				A1B2C3D4E5F60718293A0048 /* RetroSnakeSpinnerView.swift in Sources */,
				A1B2C3D4E5F60718293A0047 /* FastingWindow.swift in Sources */,
				A1B2C3D4E5F60718293A0045 /* MealPlanCarouselView.swift in Sources */,
				A1B2C3D4E5F60718293A0029 /* MondayWeeklyCardView.swift in Sources */,
				A1B2C3D4E5F60718293A002B /* ScaleNotificationCatalog.swift in Sources */,
				A1B2C3D4E5F60718293A002C /* ScaleNotificationContentFactory.swift in Sources */,
				A1B2C3D4E5F60718293A002D /* ScaleNotificationVisuals.swift in Sources */,
				A1B2C3D4E5F60718293A002E /* ScaleNotificationRouter.swift in Sources */,
				A1B2C3D4E5F60718293A002F /* ScaleAppIntents.swift in Sources */,
				A1B2C3D4E5F60718293A0030 /* HealthKitBackgroundDelivery.swift in Sources */,
				A1B2C3D4E5F60718293A0033 /* ScaleLegal.swift in Sources */,
				A1B2C3D4E5F60718293A0034 /* PrivacyPolicyView.swift in Sources */,
				A1B2C3D4E5F60718293A0035 /* ScalePlan.swift in Sources */,
				A1B2C3D4E5F60718293A0036 /* CoachWeeklyQuota.swift in Sources */,
				A1B2C3D4E5F60718293A0037 /* ScaleSubscriptionStore.swift in Sources */,
				A1B2C3D4E5F60718293A00SF1 /* ScaleStorefront.swift in Sources */,
				A1B2C3D4E5F60718293A00LG1 /* ScaleDataRights.swift in Sources */,
				A1B2C3D4E5F60718293A0038 /* PaywallView.swift in Sources */,
				A1B2C3D4E5F60718293A003B /* OnboardingProfileInference.swift in Sources */,
				A1B2C3D4E5F60718293A003F /* OnboardingFlowModel.swift in Sources */,
				A1B2C3D4E5F60718293A00DW1 /* GoalPaceGuard.swift in Sources */,
				A1B2C3D4E5F60718293A00DW2 /* GoalDifficultyFlavor.swift in Sources */,
				A1B2C3D4E5F60718293A00DW3 /* AnalogDreamScaleView.swift in Sources */,
				A1B2C3D4E5F60718293A00UX1 /* AgeSwipeControl.swift in Sources */,
				A1B2C3D4E5F60718293A00UX2 /* HorizonArcBankView.swift in Sources */,
				A1B2C3D4E5F60718293A00WH1 /* WeighInHeroMomentView.swift in Sources */,
				A1B2C3D4E5F60718293A00PG1 /* ProfileGapPromptEngine.swift in Sources */,
				A1B2C3D4E5F60718293A00PG2 /* ProfileGapPromptView.swift in Sources */,
								A1B2C3D4E5F60718293A00HG1 /* HomeGlassBar.swift in Sources */,
				A1B2C3D4E5F60718293A00HZ1 /* HazeTiltMotion.swift in Sources */,
				A1B2C3D4E5F60718293A00NC1 /* NotificationCenterSheet.swift in Sources */,
				A1B2C3D4E5F60718293A00MW1 /* MorningWeighDrillScheduler.swift in Sources */,
				A1B2C3D4E5F60718293A00LA1 /* WeighInActivityAttributes.swift in Sources */,
				A1B2C3D4E5F60718293A00SP1 /* SplashView.swift in Sources */,
				A1B2C3D4E5F60718293A003C /* ScaleAppReviewPrompt.swift in Sources */,
				A1B2C3D4E5F60718293A003D /* AppReviewPromptView.swift in Sources */,
				A1B2C3D4E5F60718293A0040 /* DebugToolsView.swift in Sources */,
			);
			runOnlyForDeploymentPostprocessing = 0;
		};
/* End PBXSourcesBuildPhase section */

/* Begin PBXTargetDependency section */
		A1B2C3D4E5F60718293A00TD1 /* PBXTargetDependency */ = {
			isa = PBXTargetDependency;
			target = A1B2C3D4E5F60718293A00WT1 /* TheScaleWidgets */;
			targetProxy = A1B2C3D4E5F60718293A00CP1 /* PBXContainerItemProxy */;
		};
		BD50ADD66FE34905B4459304 /* PBXTargetDependency */ = {
			isa = PBXTargetDependency;
			target = F2EF6237A6094A1596D86B45 /* TheScale */;
			targetProxy = 6FF72AE1B67E4A0AB8D6FF56 /* PBXContainerItemProxy */;
		};
/* End PBXTargetDependency section */

/* Begin XCBuildConfiguration section */
		1335959B078E4DA08558745E /* Debug */ = {
			isa = XCBuildConfiguration;
			buildSettings = {
				BUNDLE_LOADER = "$(TEST_HOST)";
				CODE_SIGN_STYLE = Automatic;
				CURRENT_PROJECT_VERSION = 95;
				GENERATE_INFOPLIST_FILE = YES;
				IPHONEOS_DEPLOYMENT_TARGET = 26.0;
				MARKETING_VERSION = 2.52.0;
				PRODUCT_BUNDLE_IDENTIFIER = app.thescale.ios.tests;
				PRODUCT_NAME = "$(TARGET_NAME)";
				SUPPORTED_PLATFORMS = "iphoneos iphonesimulator";
				SWIFT_VERSION = 5.0;
				TARGETED_DEVICE_FAMILY = 1;
				TEST_HOST = "$(BUILT_PRODUCTS_DIR)/TheScale.app/$(BUNDLE_EXECUTABLE_FOLDER_PATH)/TheScale";
			};
			name = Debug;
		};
		A9872C33105F4AD4BDF0CD4D /* Debug */ = {
			isa = XCBuildConfiguration;
			buildSettings = {
				ALWAYS_SEARCH_USER_PATHS = NO;
				ASSETCATALOG_COMPILER_GENERATE_SWIFT_ASSET_SYMBOL_EXTENSIONS = YES;
				CLANG_ENABLE_MODULES = YES;
				CLANG_ENABLE_OBJC_ARC = YES;
				CLANG_WARN_BLOCK_CAPTURE_AUTORELEASING = YES;
				CLANG_WARN_BOOL_CONVERSION = YES;
				CLANG_WARN_COMMA = YES;
				CLANG_WARN_CONSTANT_CONVERSION = YES;
				CLANG_WARN_DEPRECATED_OBJC_IMPLEMENTATIONS = YES;
				CLANG_WARN_EMPTY_BODY = YES;
				CLANG_WARN_ENUM_CONVERSION = YES;
				CLANG_WARN_INFINITE_RECURSION = YES;
				CLANG_WARN_INT_CONVERSION = YES;
				CLANG_WARN_NON_LITERAL_NULL_CONVERSION = YES;
				CLANG_WARN_OBJC_IMPLICIT_RETAIN_SELF = YES;
				CLANG_WARN_OBJC_LITERAL_CONVERSION = YES;
				CLANG_WARN_QUOTED_INCLUDE_IN_FRAMEWORK_HEADER = YES;
				CLANG_WARN_RANGE_LOOP_ANALYSIS = YES;
				CLANG_WARN_STRICT_PROTOTYPES = YES;
				CLANG_WARN_SUSPICIOUS_MOVE = YES;
				CLANG_WARN_UNREACHABLE_CODE = YES;
				CLANG_WARN__DUPLICATE_METHOD_MATCH = YES;
				COPY_PHASE_STRIP = NO;
				DEAD_CODE_STRIPPING = YES;
				DEBUG_INFORMATION_FORMAT = dwarf;
				DEVELOPMENT_TEAM = XHVW66YM39;
				ENABLE_STRICT_OBJC_MSGSEND = YES;
				ENABLE_TESTABILITY = YES;
				ENABLE_USER_SCRIPT_SANDBOXING = YES;
				GCC_DYNAMIC_NO_PIC = NO;
				GCC_NO_COMMON_BLOCKS = YES;
				GCC_WARN_64_TO_32_BIT_CONVERSION = YES;
				GCC_WARN_ABOUT_RETURN_TYPE = YES;
				GCC_WARN_UNDECLARED_SELECTOR = YES;
				GCC_WARN_UNINITIALIZED_AUTOS = YES;
				GCC_WARN_UNUSED_FUNCTION = YES;
				GCC_WARN_UNUSED_VARIABLE = YES;
				IPHONEOS_DEPLOYMENT_TARGET = 26.0;
				ONLY_ACTIVE_ARCH = YES;
				SDKROOT = iphoneos;
				STRING_CATALOG_GENERATE_SYMBOLS = YES;
				SWIFT_ACTIVE_COMPILATION_CONDITIONS = DEBUG;
				SWIFT_OPTIMIZATION_LEVEL = "-Onone";
				SWIFT_VERSION = 5.0;
			};
			name = Debug;
		};
		B915D37194244C82AD5FC69B /* Debug */ = {
			isa = XCBuildConfiguration;
			baseConfigurationReference = A1B2C3D4E5F60718293A1017 /* TheScale.xcconfig */;
			buildSettings = {
				ASSETCATALOG_COMPILER_APPICON_NAME = AppIcon;
				ASSETCATALOG_COMPILER_GLOBAL_ACCENT_COLOR_NAME = AccentColor;
				CODE_SIGN_ENTITLEMENTS = TheScale/Resources/TheScale.entitlements;
				CODE_SIGN_STYLE = Automatic;
				CURRENT_PROJECT_VERSION = 95;
				ENABLE_PREVIEWS = YES;
				GENERATE_INFOPLIST_FILE = NO;
				INFOPLIST_FILE = TheScale/Resources/Info.plist;
				INFOPLIST_KEY_CFBundleDisplayName = "The Scale";
				INFOPLIST_KEY_LSApplicationCategoryType = "public.app-category.healthcare-fitness";
				INFOPLIST_KEY_UIApplicationSupportsIndirectInputEvents = YES;
				IPHONEOS_DEPLOYMENT_TARGET = 26.0;
				LD_RUNPATH_SEARCH_PATHS = (
					"$(inherited)",
					"@executable_path/Frameworks",
				);
				MARKETING_VERSION = 2.52.0;
				PRODUCT_BUNDLE_IDENTIFIER = app.thescale.ios;
				PRODUCT_NAME = "$(TARGET_NAME)";
				SUPPORTED_PLATFORMS = "iphoneos iphonesimulator";
				SUPPORTS_MACCATALYST = NO;
				SUPPORTS_MAC_DESIGNED_FOR_IPHONE_IPAD = NO;
				SUPPORTS_XR_DESIGNED_FOR_IPHONE_IPAD = NO;
				SWIFT_EMIT_LOC_STRINGS = YES;
				SWIFT_STRICT_CONCURRENCY = complete;
				SWIFT_VERSION = 5.0;
				TARGETED_DEVICE_FAMILY = 1;
			};
			name = Debug;
		};
		C49AD597601444F1AFA026EA /* Release */ = {
			isa = XCBuildConfiguration;
			buildSettings = {
				BUNDLE_LOADER = "$(TEST_HOST)";
				CODE_SIGN_STYLE = Automatic;
				CURRENT_PROJECT_VERSION = 95;
				GENERATE_INFOPLIST_FILE = YES;
				IPHONEOS_DEPLOYMENT_TARGET = 26.0;
				MARKETING_VERSION = 2.52.0;
				PRODUCT_BUNDLE_IDENTIFIER = app.thescale.ios.tests;
				PRODUCT_NAME = "$(TARGET_NAME)";
				SUPPORTED_PLATFORMS = "iphoneos iphonesimulator";
				SWIFT_VERSION = 5.0;
				TARGETED_DEVICE_FAMILY = 1;
				TEST_HOST = "$(BUILT_PRODUCTS_DIR)/TheScale.app/$(BUNDLE_EXECUTABLE_FOLDER_PATH)/TheScale";
			};
			name = Release;
		};
		C66C8747E64041F2A300F56A /* Release */ = {
			isa = XCBuildConfiguration;
			baseConfigurationReference = A1B2C3D4E5F60718293A1017 /* TheScale.xcconfig */;
			buildSettings = {
				ASSETCATALOG_COMPILER_APPICON_NAME = AppIcon;
				ASSETCATALOG_COMPILER_GLOBAL_ACCENT_COLOR_NAME = AccentColor;
				CODE_SIGN_ENTITLEMENTS = TheScale/Resources/TheScale.entitlements;
				CODE_SIGN_STYLE = Automatic;
				CURRENT_PROJECT_VERSION = 95;
				ENABLE_PREVIEWS = YES;
				GENERATE_INFOPLIST_FILE = NO;
				INFOPLIST_FILE = TheScale/Resources/Info.plist;
				INFOPLIST_KEY_CFBundleDisplayName = "The Scale";
				INFOPLIST_KEY_LSApplicationCategoryType = "public.app-category.healthcare-fitness";
				INFOPLIST_KEY_UIApplicationSupportsIndirectInputEvents = YES;
				IPHONEOS_DEPLOYMENT_TARGET = 26.0;
				LD_RUNPATH_SEARCH_PATHS = (
					"$(inherited)",
					"@executable_path/Frameworks",
				);
				MARKETING_VERSION = 2.52.0;
				PRODUCT_BUNDLE_IDENTIFIER = app.thescale.ios;
				PRODUCT_NAME = "$(TARGET_NAME)";
				SUPPORTED_PLATFORMS = "iphoneos iphonesimulator";
				SUPPORTS_MACCATALYST = NO;
				SUPPORTS_MAC_DESIGNED_FOR_IPHONE_IPAD = NO;
				SUPPORTS_XR_DESIGNED_FOR_IPHONE_IPAD = NO;
				SWIFT_EMIT_LOC_STRINGS = YES;
				SWIFT_STRICT_CONCURRENCY = complete;
				SWIFT_VERSION = 5.0;
				TARGETED_DEVICE_FAMILY = 1;
			};
			name = Release;
		};
		F681DEBB9C10486FB77F39EC /* Release */ = {
			isa = XCBuildConfiguration;
			buildSettings = {
				ALWAYS_SEARCH_USER_PATHS = NO;
				ASSETCATALOG_COMPILER_GENERATE_SWIFT_ASSET_SYMBOL_EXTENSIONS = YES;
				CLANG_ENABLE_MODULES = YES;
				CLANG_ENABLE_OBJC_ARC = YES;
				CLANG_WARN_BLOCK_CAPTURE_AUTORELEASING = YES;
				CLANG_WARN_BOOL_CONVERSION = YES;
				CLANG_WARN_COMMA = YES;
				CLANG_WARN_CONSTANT_CONVERSION = YES;
				CLANG_WARN_DEPRECATED_OBJC_IMPLEMENTATIONS = YES;
				CLANG_WARN_EMPTY_BODY = YES;
				CLANG_WARN_ENUM_CONVERSION = YES;
				CLANG_WARN_INFINITE_RECURSION = YES;
				CLANG_WARN_INT_CONVERSION = YES;
				CLANG_WARN_NON_LITERAL_NULL_CONVERSION = YES;
				CLANG_WARN_OBJC_IMPLICIT_RETAIN_SELF = YES;
				CLANG_WARN_OBJC_LITERAL_CONVERSION = YES;
				CLANG_WARN_QUOTED_INCLUDE_IN_FRAMEWORK_HEADER = YES;
				CLANG_WARN_RANGE_LOOP_ANALYSIS = YES;
				CLANG_WARN_STRICT_PROTOTYPES = YES;
				CLANG_WARN_SUSPICIOUS_MOVE = YES;
				CLANG_WARN_UNREACHABLE_CODE = YES;
				CLANG_WARN__DUPLICATE_METHOD_MATCH = YES;
				COPY_PHASE_STRIP = NO;
				DEAD_CODE_STRIPPING = YES;
				DEBUG_INFORMATION_FORMAT = "dwarf-with-dsym";
				DEVELOPMENT_TEAM = XHVW66YM39;
				ENABLE_STRICT_OBJC_MSGSEND = YES;
				ENABLE_USER_SCRIPT_SANDBOXING = YES;
				GCC_NO_COMMON_BLOCKS = YES;
				GCC_WARN_64_TO_32_BIT_CONVERSION = YES;
				GCC_WARN_ABOUT_RETURN_TYPE = YES;
				GCC_WARN_UNDECLARED_SELECTOR = YES;
				GCC_WARN_UNINITIALIZED_AUTOS = YES;
				GCC_WARN_UNUSED_FUNCTION = YES;
				GCC_WARN_UNUSED_VARIABLE = YES;
				IPHONEOS_DEPLOYMENT_TARGET = 26.0;
				SDKROOT = iphoneos;
				STRING_CATALOG_GENERATE_SYMBOLS = YES;
				SWIFT_COMPILATION_MODE = wholemodule;
				SWIFT_VERSION = 5.0;
				VALIDATE_PRODUCT = YES;
			};
			name = Release;
		};
		A1B2C3D4E5F60718293A00WD1 /* Debug */ = {
			isa = XCBuildConfiguration;
			buildSettings = {
				CODE_SIGN_ENTITLEMENTS = TheScaleWidgets/TheScaleWidgets.entitlements;
				CODE_SIGN_STYLE = Automatic;
				CURRENT_PROJECT_VERSION = 95;
				DEVELOPMENT_TEAM = XHVW66YM39;
				GENERATE_INFOPLIST_FILE = YES;
				INFOPLIST_FILE = TheScaleWidgets/Info.plist;
				INFOPLIST_KEY_CFBundleDisplayName = "The Scale";
				INFOPLIST_KEY_NSSupportsLiveActivities = YES;
				IPHONEOS_DEPLOYMENT_TARGET = 18.0;
				LD_RUNPATH_SEARCH_PATHS = (
					"$(inherited)",
					"@executable_path/Frameworks",
					"@executable_path/../../Frameworks",
				);
				MARKETING_VERSION = 2.52.0;
				PRODUCT_BUNDLE_IDENTIFIER = app.thescale.ios.widgets;
				PRODUCT_NAME = "$(TARGET_NAME)";
				SKIP_INSTALL = YES;
				SWIFT_EMIT_LOC_STRINGS = YES;
				SWIFT_VERSION = 6.0;
				TARGETED_DEVICE_FAMILY = "1,2";
			};
			name = Debug;
		};
		A1B2C3D4E5F60718293A00WR2 /* Release */ = {
			isa = XCBuildConfiguration;
			buildSettings = {
				CODE_SIGN_ENTITLEMENTS = TheScaleWidgets/TheScaleWidgets.entitlements;
				CODE_SIGN_STYLE = Automatic;
				CURRENT_PROJECT_VERSION = 95;
				DEVELOPMENT_TEAM = XHVW66YM39;
				GENERATE_INFOPLIST_FILE = YES;
				INFOPLIST_FILE = TheScaleWidgets/Info.plist;
				INFOPLIST_KEY_CFBundleDisplayName = "The Scale";
				INFOPLIST_KEY_NSSupportsLiveActivities = YES;
				IPHONEOS_DEPLOYMENT_TARGET = 18.0;
				LD_RUNPATH_SEARCH_PATHS = (
					"$(inherited)",
					"@executable_path/Frameworks",
					"@executable_path/../../Frameworks",
				);
				MARKETING_VERSION = 2.52.0;
				PRODUCT_BUNDLE_IDENTIFIER = app.thescale.ios.widgets;
				PRODUCT_NAME = "$(TARGET_NAME)";
				SKIP_INSTALL = YES;
				SWIFT_EMIT_LOC_STRINGS = YES;
				SWIFT_VERSION = 6.0;
				TARGETED_DEVICE_FAMILY = "1,2";
			};
			name = Release;
		};
/* End XCBuildConfiguration section */

/* Begin XCConfigurationList section */
		31A3B16E59564DB3A07A41FC /* Build configuration list for PBXProject "TheScale" */ = {
			isa = XCConfigurationList;
			buildConfigurations = (
				A9872C33105F4AD4BDF0CD4D /* Debug */,
				F681DEBB9C10486FB77F39EC /* Release */,
			);
			defaultConfigurationIsVisible = 0;
			defaultConfigurationName = Release;
		};
		B9FD7133C58749F4A7549A26 /* Build configuration list for PBXNativeTarget "TheScaleTests" */ = {
			isa = XCConfigurationList;
			buildConfigurations = (
				1335959B078E4DA08558745E /* Debug */,
				C49AD597601444F1AFA026EA /* Release */,
			);
			defaultConfigurationIsVisible = 0;
			defaultConfigurationName = Release;
		};
		DA9A58144F90494C87B74C25 /* Build configuration list for PBXNativeTarget "TheScale" */ = {
			isa = XCConfigurationList;
			buildConfigurations = (
				B915D37194244C82AD5FC69B /* Debug */,
				C66C8747E64041F2A300F56A /* Release */,
			);
			defaultConfigurationIsVisible = 0;
			defaultConfigurationName = Release;
		};
		A1B2C3D4E5F60718293A00WC1 /* Build configuration list for PBXNativeTarget "TheScaleWidgets" */ = {
			isa = XCConfigurationList;
			buildConfigurations = (
				A1B2C3D4E5F60718293A00WD1 /* Debug */,
				A1B2C3D4E5F60718293A00WR2 /* Release */,
			);
			defaultConfigurationIsVisible = 0;
			defaultConfigurationName = Release;
		};
/* End XCConfigurationList section */

/* Begin XCLocalSwiftPackageReference section */
		A1B2C3D4E5F60718293A10PKG /* XCLocalSwiftPackageReference "Packages/ScaleOnDevicePolish" */ = {
			isa = XCLocalSwiftPackageReference;
			relativePath = ../Packages/ScaleOnDevicePolish;
		};
/* End XCLocalSwiftPackageReference section */

/* Begin XCSwiftPackageProductDependency section */
		A1B2C3D4E5F60718293A10PRD /* ScaleOnDevicePolish */ = {
			isa = XCSwiftPackageProductDependency;
			package = A1B2C3D4E5F60718293A10PKG /* XCLocalSwiftPackageReference "Packages/ScaleOnDevicePolish" */;
			productName = ScaleOnDevicePolish;
		};
/* End XCSwiftPackageProductDependency section */
	};
	rootObject = D98058AA25D5439B8FFAB37C /* Project object */;
}
